// !$*UTF8*$!
{
	archiveVersion = 1;
	classes = {
	};
	objectVersion = 50;
	objects = {

/* Begin PBXBuildFile section */
		976C5F1122549C6100104CDA /* AppDelegate.swift in Sources */ = {isa = PBXBuildFile; fileRef = 976C5F1022549C6100104CDA /* AppDelegate.swift */; };
		976C5F1622549C6100104CDA /* Main.storyboard in Resources */ = {isa = PBXBuildFile; fileRef = 976C5F1422549C6100104CDA /* Main.storyboard */; };
		976C5F1B22549C6200104CDA /* Assets.xcassets in Resources */ = {isa = PBXBuildFile; fileRef = 976C5F1A22549C6200104CDA /* Assets.xcassets */; };
		976C5F1E22549C6200104CDA /* LaunchScreen.storyboard in Resources */ = {isa = PBXBuildFile; fileRef = 976C5F1C22549C6200104CDA /* LaunchScreen.storyboard */; };
		976C5F352254A14500104CDA /* Storyboards.swift in Sources */ = {isa = PBXBuildFile; fileRef = 976C5F342254A14500104CDA /* Storyboards.swift */; };
		976C5F562255B5E900104CDA /* Explore.storyboard in Resources */ = {isa = PBXBuildFile; fileRef = 976C5F532255B5E900104CDA /* Explore.storyboard */; };
		976C5F572255B5E900104CDA /* Home.storyboard in Resources */ = {isa = PBXBuildFile; fileRef = 976C5F542255B5E900104CDA /* Home.storyboard */; };
		976C5F582255B5E900104CDA /* Profile.storyboard in Resources */ = {isa = PBXBuildFile; fileRef = 976C5F552255B5E900104CDA /* Profile.storyboard */; };
		976C5F5D2255B64200104CDA /* ProfileViewController.swift in Sources */ = {isa = PBXBuildFile; fileRef = 976C5F5C2255B64200104CDA /* ProfileViewController.swift */; };
		976C5F5F2255B66500104CDA /* HomeViewController.swift in Sources */ = {isa = PBXBuildFile; fileRef = 976C5F5E2255B66500104CDA /* HomeViewController.swift */; };
		976C5F612255B67000104CDA /* ExploreViewController.swift in Sources */ = {isa = PBXBuildFile; fileRef = 976C5F602255B67000104CDA /* ExploreViewController.swift */; };
		976C5F642255B69E00104CDA /* TabBarViewController.swift in Sources */ = {isa = PBXBuildFile; fileRef = 976C5F632255B69E00104CDA /* TabBarViewController.swift */; };
		976C5F692255C36700104CDA /* Constants.swift in Sources */ = {isa = PBXBuildFile; fileRef = 976C5F682255C36700104CDA /* Constants.swift */; };
		976C5F6B2256F21000104CDA /* Book.swift in Sources */ = {isa = PBXBuildFile; fileRef = 976C5F6A2256F21000104CDA /* Book.swift */; };
		976C5F6D2256F52F00104CDA /* DetailAuthor.swift in Sources */ = {isa = PBXBuildFile; fileRef = 976C5F6C2256F52F00104CDA /* DetailAuthor.swift */; };
		976C5F7A22572B6B00104CDA /* Configuration.swift in Sources */ = {isa = PBXBuildFile; fileRef = 976C5F7922572B6B00104CDA /* Configuration.swift */; };
		976C5F7E22573EE100104CDA /* BookLover.xcdatamodeld in Sources */ = {isa = PBXBuildFile; fileRef = 976C5F7C22573EE100104CDA /* BookLover.xcdatamodeld */; };
		976C5F822259D84000104CDA /* BookList.swift in Sources */ = {isa = PBXBuildFile; fileRef = 976C5F812259D84000104CDA /* BookList.swift */; };
		976C5F862259D93C00104CDA /* Text.swift in Sources */ = {isa = PBXBuildFile; fileRef = 976C5F852259D93C00104CDA /* Text.swift */; };
		976C5F882259DE9400104CDA /* DetailBook.swift in Sources */ = {isa = PBXBuildFile; fileRef = 976C5F872259DE9400104CDA /* DetailBook.swift */; };
		976C5F8A2259E0F500104CDA /* Author.swift in Sources */ = {isa = PBXBuildFile; fileRef = 976C5F892259E0F500104CDA /* Author.swift */; };
		976C5F8D225A0FC400104CDA /* WelcomeViewController.swift in Sources */ = {isa = PBXBuildFile; fileRef = 976C5F8C225A0FC400104CDA /* WelcomeViewController.swift */; };
		976C5F91225A190700104CDA /* WelcomeCell.swift in Sources */ = {isa = PBXBuildFile; fileRef = 976C5F90225A190700104CDA /* WelcomeCell.swift */; };
		976C5F93225A1A2800104CDA /* UIColor+Extension.swift in Sources */ = {isa = PBXBuildFile; fileRef = 976C5F92225A1A2800104CDA /* UIColor+Extension.swift */; };
		976C5F97225A42D900104CDA /* UIView+Extension.swift in Sources */ = {isa = PBXBuildFile; fileRef = 976C5F96225A42D900104CDA /* UIView+Extension.swift */; };
		976C5F99225A44FC00104CDA /* String+Extension.swift in Sources */ = {isa = PBXBuildFile; fileRef = 976C5F98225A44FC00104CDA /* String+Extension.swift */; };
		976C5F9B225A506500104CDA /* UIViewController+Extension.swift in Sources */ = {isa = PBXBuildFile; fileRef = 976C5F9A225A506500104CDA /* UIViewController+Extension.swift */; };
		D8D8A434CDE658E9B0F96C63 /* Pods_BookLover.framework in Frameworks */ = {isa = PBXBuildFile; fileRef = 67A5AF1DA3EAA298F4297B7F /* Pods_BookLover.framework */; };
/* End PBXBuildFile section */

/* Begin PBXFileReference section */
		09BA817D9B4C73973B3915D2 /* Pods-BookLover.release.xcconfig */ = {isa = PBXFileReference; includeInIndex = 1; lastKnownFileType = text.xcconfig; name = "Pods-BookLover.release.xcconfig"; path = "Target Support Files/Pods-BookLover/Pods-BookLover.release.xcconfig"; sourceTree = "<group>"; };
		0C5ED8F04C03E1A1BE141637 /* Pods-BookLover.debug.xcconfig */ = {isa = PBXFileReference; includeInIndex = 1; lastKnownFileType = text.xcconfig; name = "Pods-BookLover.debug.xcconfig"; path = "Target Support Files/Pods-BookLover/Pods-BookLover.debug.xcconfig"; sourceTree = "<group>"; };
		67A5AF1DA3EAA298F4297B7F /* Pods_BookLover.framework */ = {isa = PBXFileReference; explicitFileType = wrapper.framework; includeInIndex = 0; path = Pods_BookLover.framework; sourceTree = BUILT_PRODUCTS_DIR; };
		976C5F0D22549C6100104CDA /* BookLover.app */ = {isa = PBXFileReference; explicitFileType = wrapper.application; includeInIndex = 0; path = BookLover.app; sourceTree = BUILT_PRODUCTS_DIR; };
		976C5F1022549C6100104CDA /* AppDelegate.swift */ = {isa = PBXFileReference; lastKnownFileType = sourcecode.swift; path = AppDelegate.swift; sourceTree = "<group>"; };
		976C5F1522549C6100104CDA /* Base */ = {isa = PBXFileReference; lastKnownFileType = file.storyboard; name = Base; path = Base.lproj/Main.storyboard; sourceTree = "<group>"; };
		976C5F1A22549C6200104CDA /* Assets.xcassets */ = {isa = PBXFileReference; lastKnownFileType = folder.assetcatalog; path = Assets.xcassets; sourceTree = "<group>"; };
		976C5F1D22549C6200104CDA /* Base */ = {isa = PBXFileReference; lastKnownFileType = file.storyboard; name = Base; path = Base.lproj/LaunchScreen.storyboard; sourceTree = "<group>"; };
		976C5F1F22549C6200104CDA /* Info.plist */ = {isa = PBXFileReference; lastKnownFileType = text.plist.xml; path = Info.plist; sourceTree = "<group>"; };
		976C5F342254A14500104CDA /* Storyboards.swift */ = {isa = PBXFileReference; lastKnownFileType = sourcecode.swift; path = Storyboards.swift; sourceTree = "<group>"; };
		976C5F532255B5E900104CDA /* Explore.storyboard */ = {isa = PBXFileReference; fileEncoding = 4; lastKnownFileType = file.storyboard; path = Explore.storyboard; sourceTree = "<group>"; };
		976C5F542255B5E900104CDA /* Home.storyboard */ = {isa = PBXFileReference; fileEncoding = 4; lastKnownFileType = file.storyboard; path = Home.storyboard; sourceTree = "<group>"; };
		976C5F552255B5E900104CDA /* Profile.storyboard */ = {isa = PBXFileReference; fileEncoding = 4; lastKnownFileType = file.storyboard; path = Profile.storyboard; sourceTree = "<group>"; };
		976C5F5C2255B64200104CDA /* ProfileViewController.swift */ = {isa = PBXFileReference; lastKnownFileType = sourcecode.swift; path = ProfileViewController.swift; sourceTree = "<group>"; };
		976C5F5E2255B66500104CDA /* HomeViewController.swift */ = {isa = PBXFileReference; lastKnownFileType = sourcecode.swift; path = HomeViewController.swift; sourceTree = "<group>"; };
		976C5F602255B67000104CDA /* ExploreViewController.swift */ = {isa = PBXFileReference; lastKnownFileType = sourcecode.swift; path = ExploreViewController.swift; sourceTree = "<group>"; };
		976C5F632255B69E00104CDA /* TabBarViewController.swift */ = {isa = PBXFileReference; lastKnownFileType = sourcecode.swift; path = TabBarViewController.swift; sourceTree = "<group>"; };
		976C5F682255C36700104CDA /* Constants.swift */ = {isa = PBXFileReference; lastKnownFileType = sourcecode.swift; path = Constants.swift; sourceTree = "<group>"; };
		976C5F6A2256F21000104CDA /* Book.swift */ = {isa = PBXFileReference; lastKnownFileType = sourcecode.swift; path = Book.swift; sourceTree = "<group>"; };
		976C5F6C2256F52F00104CDA /* DetailAuthor.swift */ = {isa = PBXFileReference; lastKnownFileType = sourcecode.swift; path = DetailAuthor.swift; sourceTree = "<group>"; };
		976C5F7922572B6B00104CDA /* Configuration.swift */ = {isa = PBXFileReference; lastKnownFileType = sourcecode.swift; path = Configuration.swift; sourceTree = "<group>"; };
		976C5F7D22573EE100104CDA /* BookLover.xcdatamodel */ = {isa = PBXFileReference; lastKnownFileType = wrapper.xcdatamodel; path = BookLover.xcdatamodel; sourceTree = "<group>"; };
		976C5F812259D84000104CDA /* BookList.swift */ = {isa = PBXFileReference; lastKnownFileType = sourcecode.swift; path = BookList.swift; sourceTree = "<group>"; };
		976C5F852259D93C00104CDA /* Text.swift */ = {isa = PBXFileReference; lastKnownFileType = sourcecode.swift; path = Text.swift; sourceTree = "<group>"; };
		976C5F872259DE9400104CDA /* DetailBook.swift */ = {isa = PBXFileReference; lastKnownFileType = sourcecode.swift; path = DetailBook.swift; sourceTree = "<group>"; };
		976C5F892259E0F500104CDA /* Author.swift */ = {isa = PBXFileReference; lastKnownFileType = sourcecode.swift; path = Author.swift; sourceTree = "<group>"; };
		976C5F8C225A0FC400104CDA /* WelcomeViewController.swift */ = {isa = PBXFileReference; lastKnownFileType = sourcecode.swift; path = WelcomeViewController.swift; sourceTree = "<group>"; };
		976C5F90225A190700104CDA /* WelcomeCell.swift */ = {isa = PBXFileReference; lastKnownFileType = sourcecode.swift; path = WelcomeCell.swift; sourceTree = "<group>"; };
		976C5F92225A1A2800104CDA /* UIColor+Extension.swift */ = {isa = PBXFileReference; lastKnownFileType = sourcecode.swift; path = "UIColor+Extension.swift"; sourceTree = "<group>"; };
		976C5F96225A42D900104CDA /* UIView+Extension.swift */ = {isa = PBXFileReference; lastKnownFileType = sourcecode.swift; path = "UIView+Extension.swift"; sourceTree = "<group>"; };
		976C5F98225A44FC00104CDA /* String+Extension.swift */ = {isa = PBXFileReference; lastKnownFileType = sourcecode.swift; path = "String+Extension.swift"; sourceTree = "<group>"; };
		976C5F9A225A506500104CDA /* UIViewController+Extension.swift */ = {isa = PBXFileReference; lastKnownFileType = sourcecode.swift; path = "UIViewController+Extension.swift"; sourceTree = "<group>"; };
		B2DAFF0A91AE226FF598E14D /* Pods_ios_i_book_lover.framework */ = {isa = PBXFileReference; explicitFileType = wrapper.framework; includeInIndex = 0; path = Pods_ios_i_book_lover.framework; sourceTree = BUILT_PRODUCTS_DIR; };
/* End PBXFileReference section */

/* Begin PBXFrameworksBuildPhase section */
		976C5F0A22549C6100104CDA /* Frameworks */ = {
			isa = PBXFrameworksBuildPhase;
			buildActionMask = 2147483647;
			files = (
				D8D8A434CDE658E9B0F96C63 /* Pods_BookLover.framework in Frameworks */,
			);
			runOnlyForDeploymentPostprocessing = 0;
		};
/* End PBXFrameworksBuildPhase section */

/* Begin PBXGroup section */
		0F8A19D1512781DCBDC8C429 /* Frameworks */ = {
			isa = PBXGroup;
			children = (
				B2DAFF0A91AE226FF598E14D /* Pods_ios_i_book_lover.framework */,
				67A5AF1DA3EAA298F4297B7F /* Pods_BookLover.framework */,
			);
			name = Frameworks;
			sourceTree = "<group>";
		};
		976C5F0422549C6100104CDA = {
			isa = PBXGroup;
			children = (
				976C5F0F22549C6100104CDA /* ios-i-book-lover */,
				976C5F0E22549C6100104CDA /* Products */,
				B778718EF6273DCA93CA8076 /* Pods */,
				0F8A19D1512781DCBDC8C429 /* Frameworks */,
			);
			sourceTree = "<group>";
		};
		976C5F0E22549C6100104CDA /* Products */ = {
			isa = PBXGroup;
			children = (
				976C5F0D22549C6100104CDA /* BookLover.app */,
			);
			name = Products;
			sourceTree = "<group>";
		};
		976C5F0F22549C6100104CDA /* ios-i-book-lover */ = {
			isa = PBXGroup;
			children = (
				976C5F2522549C8800104CDA /* Application */,
				976C5F2C22549D0D00104CDA /* Extensions */,
				976C5F78225710B500104CDA /* Service */,
				976C5F2722549CB900104CDA /* Data */,
				976C5F2F22549D4B00104CDA /* Scenes */,
				976C5F2D22549D1A00104CDA /* Repositories */,
				976C5F2E22549D3800104CDA /* Resource */,
				976C5F3122549DA100104CDA /* Widgets */,
				976C5F3022549D8600104CDA /* Utils */,
				976C5F1F22549C6200104CDA /* Info.plist */,
				976C5F7C22573EE100104CDA /* BookLover.xcdatamodeld */,
			);
			path = "ios-i-book-lover";
			sourceTree = "<group>";
		};
		976C5F2522549C8800104CDA /* Application */ = {
			isa = PBXGroup;
			children = (
				976C5F1022549C6100104CDA /* AppDelegate.swift */,
			);
			path = Application;
			sourceTree = "<group>";
		};
		976C5F2722549CB900104CDA /* Data */ = {
			isa = PBXGroup;
			children = (
				976C5F2822549CC100104CDA /* Model */,
				976C5F2922549CC600104CDA /* Source */,
			);
			path = Data;
			sourceTree = "<group>";
		};
		976C5F2822549CC100104CDA /* Model */ = {
			isa = PBXGroup;
			children = (
				976C5F8022590AEE00104CDA /* Author */,
				976C5F7F22590AE200104CDA /* Book */,
			);
			path = Model;
			sourceTree = "<group>";
		};
		976C5F2922549CC600104CDA /* Source */ = {
			isa = PBXGroup;
			children = (
				976C5F2A22549CDC00104CDA /* Local */,
				976C5F2B22549CE400104CDA /* Remote */,
			);
			path = Source;
			sourceTree = "<group>";
		};
		976C5F2A22549CDC00104CDA /* Local */ = {
			isa = PBXGroup;
			children = (
			);
			path = Local;
			sourceTree = "<group>";
		};
		976C5F2B22549CE400104CDA /* Remote */ = {
			isa = PBXGroup;
			children = (
			);
			path = Remote;
			sourceTree = "<group>";
		};
		976C5F2C22549D0D00104CDA /* Extensions */ = {
			isa = PBXGroup;
			children = (
				976C5F92225A1A2800104CDA /* UIColor+Extension.swift */,
				976C5F96225A42D900104CDA /* UIView+Extension.swift */,
				976C5F98225A44FC00104CDA /* String+Extension.swift */,
				976C5F9A225A506500104CDA /* UIViewController+Extension.swift */,
			);
			path = Extensions;
			sourceTree = "<group>";
		};
		976C5F2D22549D1A00104CDA /* Repositories */ = {
			isa = PBXGroup;
			children = (
			);
			path = Repositories;
			sourceTree = "<group>";
		};
		976C5F2E22549D3800104CDA /* Resource */ = {
			isa = PBXGroup;
			children = (
				976C5F1A22549C6200104CDA /* Assets.xcassets */,
			);
			path = Resource;
			sourceTree = "<group>";
		};
		976C5F2F22549D4B00104CDA /* Scenes */ = {
			isa = PBXGroup;
			children = (
				976C5F8E225A10AC00104CDA /* Cell */,
				976C5F8B225A0F9F00104CDA /* Welcome */,
				976C5F622255B69200104CDA /* TabBar */,
				976C5F5B2255B60F00104CDA /* Explore */,
				976C5F5A2255B60700104CDA /* Home */,
				976C5F592255B5FD00104CDA /* Profile */,
				976C5F332254A0E000104CDA /* Storyboard */,
				976C5F3222549DE300104CDA /* LaunchingScreen */,
			);
			path = Scenes;
			sourceTree = "<group>";
		};
		976C5F3022549D8600104CDA /* Utils */ = {
			isa = PBXGroup;
			children = (
				976C5F682255C36700104CDA /* Constants.swift */,
			);
			path = Utils;
			sourceTree = "<group>";
		};
		976C5F3122549DA100104CDA /* Widgets */ = {
			isa = PBXGroup;
			children = (
			);
			path = Widgets;
			sourceTree = "<group>";
		};
		976C5F3222549DE300104CDA /* LaunchingScreen */ = {
			isa = PBXGroup;
			children = (
				976C5F1C22549C6200104CDA /* LaunchScreen.storyboard */,
			);
			path = LaunchingScreen;
			sourceTree = "<group>";
		};
		976C5F332254A0E000104CDA /* Storyboard */ = {
			isa = PBXGroup;
			children = (
				976C5F532255B5E900104CDA /* Explore.storyboard */,
				976C5F542255B5E900104CDA /* Home.storyboard */,
				976C5F552255B5E900104CDA /* Profile.storyboard */,
				976C5F1422549C6100104CDA /* Main.storyboard */,
				976C5F342254A14500104CDA /* Storyboards.swift */,
			);
			path = Storyboard;
			sourceTree = "<group>";
		};
		976C5F592255B5FD00104CDA /* Profile */ = {
			isa = PBXGroup;
			children = (
				976C5F5C2255B64200104CDA /* ProfileViewController.swift */,
			);
			path = Profile;
			sourceTree = "<group>";
		};
		976C5F5A2255B60700104CDA /* Home */ = {
			isa = PBXGroup;
			children = (
				976C5F5E2255B66500104CDA /* HomeViewController.swift */,
			);
			path = Home;
			sourceTree = "<group>";
		};
		976C5F5B2255B60F00104CDA /* Explore */ = {
			isa = PBXGroup;
			children = (
				976C5F602255B67000104CDA /* ExploreViewController.swift */,
			);
			path = Explore;
			sourceTree = "<group>";
		};
		976C5F622255B69200104CDA /* TabBar */ = {
			isa = PBXGroup;
			children = (
				976C5F632255B69E00104CDA /* TabBarViewController.swift */,
			);
			path = TabBar;
			sourceTree = "<group>";
		};
		976C5F78225710B500104CDA /* Service */ = {
			isa = PBXGroup;
			children = (
				976C5F7922572B6B00104CDA /* Configuration.swift */,
			);
			path = Service;
			sourceTree = "<group>";
		};
		976C5F7F22590AE200104CDA /* Book */ = {
			isa = PBXGroup;
			children = (
				976C5F6A2256F21000104CDA /* Book.swift */,
				976C5F812259D84000104CDA /* BookList.swift */,
				976C5F872259DE9400104CDA /* DetailBook.swift */,
				976C5F852259D93C00104CDA /* Text.swift */,
			);
			path = Book;
			sourceTree = "<group>";
		};
		976C5F8022590AEE00104CDA /* Author */ = {
			isa = PBXGroup;
			children = (
				976C5F892259E0F500104CDA /* Author.swift */,
				976C5F6C2256F52F00104CDA /* DetailAuthor.swift */,
			);
			path = Author;
			sourceTree = "<group>";
		};
		976C5F8B225A0F9F00104CDA /* Welcome */ = {
			isa = PBXGroup;
			children = (
				976C5F8C225A0FC400104CDA /* WelcomeViewController.swift */,
			);
			path = Welcome;
			sourceTree = "<group>";
		};
		976C5F8E225A10AC00104CDA /* Cell */ = {
			isa = PBXGroup;
			children = (
				976C5F8F225A18C200104CDA /* Welcome */,
			);
			path = Cell;
			sourceTree = "<group>";
		};
		976C5F8F225A18C200104CDA /* Welcome */ = {
			isa = PBXGroup;
			children = (
				976C5F90225A190700104CDA /* WelcomeCell.swift */,
			);
			path = Welcome;
			sourceTree = "<group>";
		};
		B778718EF6273DCA93CA8076 /* Pods */ = {
			isa = PBXGroup;
			children = (
				0C5ED8F04C03E1A1BE141637 /* Pods-BookLover.debug.xcconfig */,
				09BA817D9B4C73973B3915D2 /* Pods-BookLover.release.xcconfig */,
			);
			path = Pods;
			sourceTree = "<group>";
		};
/* End PBXGroup section */

/* Begin PBXNativeTarget section */
		976C5F0C22549C6100104CDA /* BookLover */ = {
			isa = PBXNativeTarget;
			buildConfigurationList = 976C5F2222549C6300104CDA /* Build configuration list for PBXNativeTarget "BookLover" */;
			buildPhases = (
				0AF9FB47C82CE9026A551382 /* [CP] Check Pods Manifest.lock */,
				976C5F0922549C6100104CDA /* Sources */,
				976C5F0A22549C6100104CDA /* Frameworks */,
				976C5F0B22549C6100104CDA /* Resources */,
				3057BF32F7F17C295329B367 /* [CP] Embed Pods Frameworks */,
				976C5F362254A24100104CDA /* ShellScript */,
			);
			buildRules = (
			);
			dependencies = (
			);
			name = BookLover;
			productName = "ios-i-book-lover";
			productReference = 976C5F0D22549C6100104CDA /* BookLover.app */;
			productType = "com.apple.product-type.application";
		};
/* End PBXNativeTarget section */

/* Begin PBXProject section */
		976C5F0522549C6100104CDA /* Project object */ = {
			isa = PBXProject;
			attributes = {
				LastSwiftUpdateCheck = 1010;
				LastUpgradeCheck = 1010;
				ORGANIZATIONNAME = nguyen.nam.khanh;
				TargetAttributes = {
					976C5F0C22549C6100104CDA = {
						CreatedOnToolsVersion = 10.1;
					};
				};
			};
			buildConfigurationList = 976C5F0822549C6100104CDA /* Build configuration list for PBXProject "BookLover" */;
			compatibilityVersion = "Xcode 9.3";
			developmentRegion = en;
			hasScannedForEncodings = 0;
			knownRegions = (
				en,
				Base,
			);
			mainGroup = 976C5F0422549C6100104CDA;
			productRefGroup = 976C5F0E22549C6100104CDA /* Products */;
			projectDirPath = "";
			projectRoot = "";
			targets = (
				976C5F0C22549C6100104CDA /* BookLover */,
			);
		};
/* End PBXProject section */

/* Begin PBXResourcesBuildPhase section */
		976C5F0B22549C6100104CDA /* Resources */ = {
			isa = PBXResourcesBuildPhase;
			buildActionMask = 2147483647;
			files = (
				976C5F1E22549C6200104CDA /* LaunchScreen.storyboard in Resources */,
				976C5F1B22549C6200104CDA /* Assets.xcassets in Resources */,
				976C5F562255B5E900104CDA /* Explore.storyboard in Resources */,
				976C5F1622549C6100104CDA /* Main.storyboard in Resources */,
				976C5F582255B5E900104CDA /* Profile.storyboard in Resources */,
				976C5F572255B5E900104CDA /* Home.storyboard in Resources */,
			);
			runOnlyForDeploymentPostprocessing = 0;
		};
/* End PBXResourcesBuildPhase section */

/* Begin PBXShellScriptBuildPhase section */
		0AF9FB47C82CE9026A551382 /* [CP] Check Pods Manifest.lock */ = {
			isa = PBXShellScriptBuildPhase;
			buildActionMask = 2147483647;
			files = (
			);
			inputFileListPaths = (
			);
			inputPaths = (
				"${PODS_PODFILE_DIR_PATH}/Podfile.lock",
				"${PODS_ROOT}/Manifest.lock",
			);
			name = "[CP] Check Pods Manifest.lock";
			outputFileListPaths = (
			);
			outputPaths = (
				"$(DERIVED_FILE_DIR)/Pods-BookLover-checkManifestLockResult.txt",
			);
			runOnlyForDeploymentPostprocessing = 0;
			shellPath = /bin/sh;
			shellScript = "diff \"${PODS_PODFILE_DIR_PATH}/Podfile.lock\" \"${PODS_ROOT}/Manifest.lock\" > /dev/null\nif [ $? != 0 ] ; then\n    # print error to STDERR\n    echo \"error: The sandbox is not in sync with the Podfile.lock. Run 'pod install' or update your CocoaPods installation.\" >&2\n    exit 1\nfi\n# This output is used by Xcode 'outputs' to avoid re-running this script phase.\necho \"SUCCESS\" > \"${SCRIPT_OUTPUT_FILE_0}\"\n";
			showEnvVarsInLog = 0;
		};
		3057BF32F7F17C295329B367 /* [CP] Embed Pods Frameworks */ = {
			isa = PBXShellScriptBuildPhase;
			buildActionMask = 2147483647;
			files = (
			);
			inputFileListPaths = (
			);
			inputPaths = (
				"${PODS_ROOT}/Target Support Files/Pods-BookLover/Pods-BookLover-frameworks.sh",
				"${BUILT_PRODUCTS_DIR}/Alamofire/Alamofire.framework",
				"${BUILT_PRODUCTS_DIR}/AlamofireObjectMapper/AlamofireObjectMapper.framework",
				"${BUILT_PRODUCTS_DIR}/ObjectMapper/ObjectMapper.framework",
				"${BUILT_PRODUCTS_DIR}/SWXMLHash/SWXMLHash.framework",
				"${BUILT_PRODUCTS_DIR}/Then/Then.framework",
				"${BUILT_PRODUCTS_DIR}/XMLMapper/XMLMapper.framework",
			);
			name = "[CP] Embed Pods Frameworks";
			outputFileListPaths = (
			);
			outputPaths = (
				"${TARGET_BUILD_DIR}/${FRAMEWORKS_FOLDER_PATH}/Alamofire.framework",
				"${TARGET_BUILD_DIR}/${FRAMEWORKS_FOLDER_PATH}/AlamofireObjectMapper.framework",
				"${TARGET_BUILD_DIR}/${FRAMEWORKS_FOLDER_PATH}/ObjectMapper.framework",
				"${TARGET_BUILD_DIR}/${FRAMEWORKS_FOLDER_PATH}/SWXMLHash.framework",
				"${TARGET_BUILD_DIR}/${FRAMEWORKS_FOLDER_PATH}/Then.framework",
				"${TARGET_BUILD_DIR}/${FRAMEWORKS_FOLDER_PATH}/XMLMapper.framework",
			);
			runOnlyForDeploymentPostprocessing = 0;
			shellPath = /bin/sh;
			shellScript = "\"${PODS_ROOT}/Target Support Files/Pods-BookLover/Pods-BookLover-frameworks.sh\"\n";
			showEnvVarsInLog = 0;
		};
		976C5F362254A24100104CDA /* ShellScript */ = {
			isa = PBXShellScriptBuildPhase;
			buildActionMask = 2147483647;
			files = (
			);
			inputFileListPaths = (
			);
			inputPaths = (
			);
			outputFileListPaths = (
			);
			outputPaths = (
			);
			runOnlyForDeploymentPostprocessing = 0;
			shellPath = /bin/sh;
			shellScript = "${PODS_ROOT}/SwiftLint/swiftlint\n";
		};
/* End PBXShellScriptBuildPhase section */

/* Begin PBXSourcesBuildPhase section */
		976C5F0922549C6100104CDA /* Sources */ = {
			isa = PBXSourcesBuildPhase;
			buildActionMask = 2147483647;
			files = (
				976C5F822259D84000104CDA /* BookList.swift in Sources */,
				976C5F8D225A0FC400104CDA /* WelcomeViewController.swift in Sources */,
				976C5F882259DE9400104CDA /* DetailBook.swift in Sources */,
				976C5F93225A1A2800104CDA /* UIColor+Extension.swift in Sources */,
				976C5F5F2255B66500104CDA /* HomeViewController.swift in Sources */,
				976C5F352254A14500104CDA /* Storyboards.swift in Sources */,
				976C5F612255B67000104CDA /* ExploreViewController.swift in Sources */,
				976C5F6D2256F52F00104CDA /* DetailAuthor.swift in Sources */,
				976C5F99225A44FC00104CDA /* String+Extension.swift in Sources */,
				976C5F642255B69E00104CDA /* TabBarViewController.swift in Sources */,
				976C5F7A22572B6B00104CDA /* Configuration.swift in Sources */,
				976C5F6B2256F21000104CDA /* Book.swift in Sources */,
				976C5F8A2259E0F500104CDA /* Author.swift in Sources */,
				976C5F97225A42D900104CDA /* UIView+Extension.swift in Sources */,
				976C5F862259D93C00104CDA /* Text.swift in Sources */,
				976C5F7E22573EE100104CDA /* BookLover.xcdatamodeld in Sources */,
				976C5F91225A190700104CDA /* WelcomeCell.swift in Sources */,
				976C5F5D2255B64200104CDA /* ProfileViewController.swift in Sources */,
				976C5F9B225A506500104CDA /* UIViewController+Extension.swift in Sources */,
				976C5F1122549C6100104CDA /* AppDelegate.swift in Sources */,
				976C5F692255C36700104CDA /* Constants.swift in Sources */,
			);
			runOnlyForDeploymentPostprocessing = 0;
		};
/* End PBXSourcesBuildPhase section */

/* Begin PBXVariantGroup section */
		976C5F1422549C6100104CDA /* Main.storyboard */ = {
			isa = PBXVariantGroup;
			children = (
				976C5F1522549C6100104CDA /* Base */,
			);
			name = Main.storyboard;
			sourceTree = "<group>";
		};
		976C5F1C22549C6200104CDA /* LaunchScreen.storyboard */ = {
			isa = PBXVariantGroup;
			children = (
				976C5F1D22549C6200104CDA /* Base */,
			);
			name = LaunchScreen.storyboard;
			sourceTree = "<group>";
		};
/* End PBXVariantGroup section */

/* Begin XCBuildConfiguration section */
		976C5F2022549C6300104CDA /* Debug */ = {
			isa = XCBuildConfiguration;
			buildSettings = {
				ALWAYS_SEARCH_USER_PATHS = NO;
				CLANG_ANALYZER_NONNULL = YES;
				CLANG_ANALYZER_NUMBER_OBJECT_CONVERSION = YES_AGGRESSIVE;
				CLANG_CXX_LANGUAGE_STANDARD = "gnu++14";
				CLANG_CXX_LIBRARY = "libc++";
				CLANG_ENABLE_MODULES = YES;
				CLANG_ENABLE_OBJC_ARC = YES;
				CLANG_ENABLE_OBJC_WEAK = YES;
				CLANG_WARN_BLOCK_CAPTURE_AUTORELEASING = YES;
				CLANG_WARN_BOOL_CONVERSION = YES;
				CLANG_WARN_COMMA = YES;
				CLANG_WARN_CONSTANT_CONVERSION = YES;
				CLANG_WARN_DEPRECATED_OBJC_IMPLEMENTATIONS = YES;
				CLANG_WARN_DIRECT_OBJC_ISA_USAGE = YES_ERROR;
				CLANG_WARN_DOCUMENTATION_COMMENTS = YES;
				CLANG_WARN_EMPTY_BODY = YES;
				CLANG_WARN_ENUM_CONVERSION = YES;
				CLANG_WARN_INFINITE_RECURSION = YES;
				CLANG_WARN_INT_CONVERSION = YES;
				CLANG_WARN_NON_LITERAL_NULL_CONVERSION = YES;
				CLANG_WARN_OBJC_IMPLICIT_RETAIN_SELF = YES;
				CLANG_WARN_OBJC_LITERAL_CONVERSION = YES;
				CLANG_WARN_OBJC_ROOT_CLASS = YES_ERROR;
				CLANG_WARN_RANGE_LOOP_ANALYSIS = YES;
				CLANG_WARN_STRICT_PROTOTYPES = YES;
				CLANG_WARN_SUSPICIOUS_MOVE = YES;
				CLANG_WARN_UNGUARDED_AVAILABILITY = YES_AGGRESSIVE;
				CLANG_WARN_UNREACHABLE_CODE = YES;
				CLANG_WARN__DUPLICATE_METHOD_MATCH = YES;
				CODE_SIGN_IDENTITY = "iPhone Developer";
				COPY_PHASE_STRIP = NO;
				DEBUG_INFORMATION_FORMAT = dwarf;
				ENABLE_STRICT_OBJC_MSGSEND = YES;
				ENABLE_TESTABILITY = YES;
				GCC_C_LANGUAGE_STANDARD = gnu11;
				GCC_DYNAMIC_NO_PIC = NO;
				GCC_NO_COMMON_BLOCKS = YES;
				GCC_OPTIMIZATION_LEVEL = 0;
				GCC_PREPROCESSOR_DEFINITIONS = (
					"DEBUG=1",
					"$(inherited)",
				);
				GCC_WARN_64_TO_32_BIT_CONVERSION = YES;
				GCC_WARN_ABOUT_RETURN_TYPE = YES_ERROR;
				GCC_WARN_UNDECLARED_SELECTOR = YES;
				GCC_WARN_UNINITIALIZED_AUTOS = YES_AGGRESSIVE;
				GCC_WARN_UNUSED_FUNCTION = YES;
				GCC_WARN_UNUSED_VARIABLE = YES;
				IPHONEOS_DEPLOYMENT_TARGET = 12.1;
				MTL_ENABLE_DEBUG_INFO = INCLUDE_SOURCE;
				MTL_FAST_MATH = YES;
				ONLY_ACTIVE_ARCH = YES;
				SDKROOT = iphoneos;
				SWIFT_ACTIVE_COMPILATION_CONDITIONS = DEBUG;
				SWIFT_OPTIMIZATION_LEVEL = "-Onone";
			};
			name = Debug;
		};
		976C5F2122549C6300104CDA /* Release */ = {
			isa = XCBuildConfiguration;
			buildSettings = {
				ALWAYS_SEARCH_USER_PATHS = NO;
				CLANG_ANALYZER_NONNULL = YES;
				CLANG_ANALYZER_NUMBER_OBJECT_CONVERSION = YES_AGGRESSIVE;
				CLANG_CXX_LANGUAGE_STANDARD = "gnu++14";
				CLANG_CXX_LIBRARY = "libc++";
				CLANG_ENABLE_MODULES = YES;
				CLANG_ENABLE_OBJC_ARC = YES;
				CLANG_ENABLE_OBJC_WEAK = YES;
				CLANG_WARN_BLOCK_CAPTURE_AUTORELEASING = YES;
				CLANG_WARN_BOOL_CONVERSION = YES;
				CLANG_WARN_COMMA = YES;
				CLANG_WARN_CONSTANT_CONVERSION = YES;
				CLANG_WARN_DEPRECATED_OBJC_IMPLEMENTATIONS = YES;
				CLANG_WARN_DIRECT_OBJC_ISA_USAGE = YES_ERROR;
				CLANG_WARN_DOCUMENTATION_COMMENTS = YES;
				CLANG_WARN_EMPTY_BODY = YES;
				CLANG_WARN_ENUM_CONVERSION = YES;
				CLANG_WARN_INFINITE_RECURSION = YES;
				CLANG_WARN_INT_CONVERSION = YES;
				CLANG_WARN_NON_LITERAL_NULL_CONVERSION = YES;
				CLANG_WARN_OBJC_IMPLICIT_RETAIN_SELF = YES;
				CLANG_WARN_OBJC_LITERAL_CONVERSION = YES;
				CLANG_WARN_OBJC_ROOT_CLASS = YES_ERROR;
				CLANG_WARN_RANGE_LOOP_ANALYSIS = YES;
				CLANG_WARN_STRICT_PROTOTYPES = YES;
				CLANG_WARN_SUSPICIOUS_MOVE = YES;
				CLANG_WARN_UNGUARDED_AVAILABILITY = YES_AGGRESSIVE;
				CLANG_WARN_UNREACHABLE_CODE = YES;
				CLANG_WARN__DUPLICATE_METHOD_MATCH = YES;
				CODE_SIGN_IDENTITY = "iPhone Developer";
				COPY_PHASE_STRIP = NO;
				DEBUG_INFORMATION_FORMAT = "dwarf-with-dsym";
				ENABLE_NS_ASSERTIONS = NO;
				ENABLE_STRICT_OBJC_MSGSEND = YES;
				GCC_C_LANGUAGE_STANDARD = gnu11;
				GCC_NO_COMMON_BLOCKS = YES;
				GCC_WARN_64_TO_32_BIT_CONVERSION = YES;
				GCC_WARN_ABOUT_RETURN_TYPE = YES_ERROR;
				GCC_WARN_UNDECLARED_SELECTOR = YES;
				GCC_WARN_UNINITIALIZED_AUTOS = YES_AGGRESSIVE;
				GCC_WARN_UNUSED_FUNCTION = YES;
				GCC_WARN_UNUSED_VARIABLE = YES;
				IPHONEOS_DEPLOYMENT_TARGET = 12.1;
				MTL_ENABLE_DEBUG_INFO = NO;
				MTL_FAST_MATH = YES;
				SDKROOT = iphoneos;
				SWIFT_COMPILATION_MODE = wholemodule;
				SWIFT_OPTIMIZATION_LEVEL = "-O";
				VALIDATE_PRODUCT = YES;
			};
			name = Release;
		};
		976C5F2322549C6300104CDA /* Debug */ = {
			isa = XCBuildConfiguration;
			baseConfigurationReference = 0C5ED8F04C03E1A1BE141637 /* Pods-BookLover.debug.xcconfig */;
			buildSettings = {
				ASSETCATALOG_COMPILER_APPICON_NAME = AppIcon;
				CODE_SIGN_IDENTITY = "iPhone Developer";
				CODE_SIGN_STYLE = Automatic;
				DEVELOPMENT_TEAM = None;
				INFOPLIST_FILE = "ios-i-book-lover/Info.plist";
				LD_RUNPATH_SEARCH_PATHS = (
					"$(inherited)",
					"@executable_path/Frameworks",
				);
				PRODUCT_BUNDLE_IDENTIFIER = "khanh.ios-i-book-lover";
				PRODUCT_NAME = "$(TARGET_NAME)";
				PROVISIONING_PROFILE_SPECIFIER = "";
				SWIFT_VERSION = 4.2;
				TARGETED_DEVICE_FAMILY = "1,2";
			};
			name = Debug;
		};
		976C5F2422549C6300104CDA /* Release */ = {
			isa = XCBuildConfiguration;
			baseConfigurationReference = 09BA817D9B4C73973B3915D2 /* Pods-BookLover.release.xcconfig */;
			buildSettings = {
				ASSETCATALOG_COMPILER_APPICON_NAME = AppIcon;
				CODE_SIGN_IDENTITY = "iPhone Developer";
				CODE_SIGN_STYLE = Automatic;
				DEVELOPMENT_TEAM = None;
				INFOPLIST_FILE = "ios-i-book-lover/Info.plist";
				LD_RUNPATH_SEARCH_PATHS = (
					"$(inherited)",
					"@executable_path/Frameworks",
				);
				PRODUCT_BUNDLE_IDENTIFIER = "khanh.ios-i-book-lover";
				PRODUCT_NAME = "$(TARGET_NAME)";
				PROVISIONING_PROFILE_SPECIFIER = "";
				SWIFT_VERSION = 4.2;
				TARGETED_DEVICE_FAMILY = "1,2";
			};
			name = Release;
		};
/* End XCBuildConfiguration section */

/* Begin XCConfigurationList section */
		976C5F0822549C6100104CDA /* Build configuration list for PBXProject "BookLover" */ = {
			isa = XCConfigurationList;
			buildConfigurations = (
				976C5F2022549C6300104CDA /* Debug */,
				976C5F2122549C6300104CDA /* Release */,
			);
			defaultConfigurationIsVisible = 0;
			defaultConfigurationName = Release;
		};
		976C5F2222549C6300104CDA /* Build configuration list for PBXNativeTarget "BookLover" */ = {
			isa = XCConfigurationList;
			buildConfigurations = (
				976C5F2322549C6300104CDA /* Debug */,
				976C5F2422549C6300104CDA /* Release */,
			);
			defaultConfigurationIsVisible = 0;
			defaultConfigurationName = Release;
		};
/* End XCConfigurationList section */

/* Begin XCVersionGroup section */
		976C5F7C22573EE100104CDA /* BookLover.xcdatamodeld */ = {
			isa = XCVersionGroup;
			children = (
				976C5F7D22573EE100104CDA /* BookLover.xcdatamodel */,
			);
			currentVersion = 976C5F7D22573EE100104CDA /* BookLover.xcdatamodel */;
			path = BookLover.xcdatamodeld;
			sourceTree = "<group>";
			versionGroupType = wrapper.xcdatamodel;
		};
/* End XCVersionGroup section */
	};
	rootObject = 976C5F0522549C6100104CDA /* Project object */;
}
