// !$*UTF8*$!
{
	archiveVersion = 1;
	classes = {
	};
	objectVersion = 50;
	objects = {

/* Begin PBXBuildFile section */
		97565292225D843900748B5A /* BookDetailViewController.swift in Sources */ = {isa = PBXBuildFile; fileRef = 97565291225D843900748B5A /* BookDetailViewController.swift */; };
		97565297225DB5F600748B5A /* TabBarController.swift in Sources */ = {isa = PBXBuildFile; fileRef = 97565296225DB5F600748B5A /* TabBarController.swift */; };
		976C5F1122549C6100104CDA /* AppDelegate.swift in Sources */ = {isa = PBXBuildFile; fileRef = 976C5F1022549C6100104CDA /* AppDelegate.swift */; };
		976C5F1622549C6100104CDA /* Main.storyboard in Resources */ = {isa = PBXBuildFile; fileRef = 976C5F1422549C6100104CDA /* Main.storyboard */; };
		976C5F1B22549C6200104CDA /* Assets.xcassets in Resources */ = {isa = PBXBuildFile; fileRef = 976C5F1A22549C6200104CDA /* Assets.xcassets */; };
		976C5F1E22549C6200104CDA /* LaunchScreen.storyboard in Resources */ = {isa = PBXBuildFile; fileRef = 976C5F1C22549C6200104CDA /* LaunchScreen.storyboard */; };
		976C5F352254A14500104CDA /* Storyboards.swift in Sources */ = {isa = PBXBuildFile; fileRef = 976C5F342254A14500104CDA /* Storyboards.swift */; };
		976C5F562255B5E900104CDA /* Explore.storyboard in Resources */ = {isa = PBXBuildFile; fileRef = 976C5F532255B5E900104CDA /* Explore.storyboard */; };
		976C5F572255B5E900104CDA /* Home.storyboard in Resources */ = {isa = PBXBuildFile; fileRef = 976C5F542255B5E900104CDA /* Home.storyboard */; };
		976C5F582255B5E900104CDA /* Profile.storyboard in Resources */ = {isa = PBXBuildFile; fileRef = 976C5F552255B5E900104CDA /* Profile.storyboard */; };
		976C5F5D2255B64200104CDA /* ProfileViewController.swift in Sources */ = {isa = PBXBuildFile; fileRef = 976C5F5C2255B64200104CDA /* ProfileViewController.swift */; };
		976C5F5F2255B66500104CDA /* HomeViewController.swift in Sources */ = {isa = PBXBuildFile; fileRef = 976C5F5E2255B66500104CDA /* HomeViewController.swift */; };
		976C5F612255B67000104CDA /* ExploreViewController.swift in Sources */ = {isa = PBXBuildFile; fileRef = 976C5F602255B67000104CDA /* ExploreViewController.swift */; };
		976C5F692255C36700104CDA /* Constants.swift in Sources */ = {isa = PBXBuildFile; fileRef = 976C5F682255C36700104CDA /* Constants.swift */; };
		976C5F6B2256F21000104CDA /* Book.swift in Sources */ = {isa = PBXBuildFile; fileRef = 976C5F6A2256F21000104CDA /* Book.swift */; };
		976C5F6D2256F52F00104CDA /* DetailAuthor.swift in Sources */ = {isa = PBXBuildFile; fileRef = 976C5F6C2256F52F00104CDA /* DetailAuthor.swift */; };
		976C5F7A22572B6B00104CDA /* Configuration.swift in Sources */ = {isa = PBXBuildFile; fileRef = 976C5F7922572B6B00104CDA /* Configuration.swift */; };
		976C5F7E22573EE100104CDA /* BookLover.xcdatamodeld in Sources */ = {isa = PBXBuildFile; fileRef = 976C5F7C22573EE100104CDA /* BookLover.xcdatamodeld */; };
		976C5F862259D93C00104CDA /* Text.swift in Sources */ = {isa = PBXBuildFile; fileRef = 976C5F852259D93C00104CDA /* Text.swift */; };
		976C5F882259DE9400104CDA /* BookDetail.swift in Sources */ = {isa = PBXBuildFile; fileRef = 976C5F872259DE9400104CDA /* BookDetail.swift */; };
		976C5F8A2259E0F500104CDA /* Author.swift in Sources */ = {isa = PBXBuildFile; fileRef = 976C5F892259E0F500104CDA /* Author.swift */; };
		976C5F8D225A0FC400104CDA /* WelcomeViewController.swift in Sources */ = {isa = PBXBuildFile; fileRef = 976C5F8C225A0FC400104CDA /* WelcomeViewController.swift */; };
		976C5F91225A190700104CDA /* WelcomeCell.swift in Sources */ = {isa = PBXBuildFile; fileRef = 976C5F90225A190700104CDA /* WelcomeCell.swift */; };
		976C5F93225A1A2800104CDA /* UIColor+Extension.swift in Sources */ = {isa = PBXBuildFile; fileRef = 976C5F92225A1A2800104CDA /* UIColor+Extension.swift */; };
		976C5F97225A42D900104CDA /* UIView+Extension.swift in Sources */ = {isa = PBXBuildFile; fileRef = 976C5F96225A42D900104CDA /* UIView+Extension.swift */; };
		976C5F99225A44FC00104CDA /* String+Extension.swift in Sources */ = {isa = PBXBuildFile; fileRef = 976C5F98225A44FC00104CDA /* String+Extension.swift */; };
		976C5F9B225A506500104CDA /* UIViewController+Extension.swift in Sources */ = {isa = PBXBuildFile; fileRef = 976C5F9A225A506500104CDA /* UIViewController+Extension.swift */; };
		976C5FA5225B34F400104CDA /* (null) in Sources */ = {isa = PBXBuildFile; };
		976C5FAE225B98D200104CDA /* RatingView.swift in Sources */ = {isa = PBXBuildFile; fileRef = 976C5FAD225B98D200104CDA /* RatingView.swift */; };
		976C5FB0225B98EC00104CDA /* RatingView.xib in Resources */ = {isa = PBXBuildFile; fileRef = 976C5FAF225B98EC00104CDA /* RatingView.xib */; };
		976C5FB4225B9BB600104CDA /* BookCell.xib in Resources */ = {isa = PBXBuildFile; fileRef = 976C5FB2225B9BB600104CDA /* BookCell.xib */; };
		976C5FB5225B9BB600104CDA /* BookCell.swift in Sources */ = {isa = PBXBuildFile; fileRef = 976C5FB3225B9BB600104CDA /* BookCell.swift */; };
		976C5FB8225BA2E400104CDA /* GenreCell.swift in Sources */ = {isa = PBXBuildFile; fileRef = 976C5FB7225BA2E400104CDA /* GenreCell.swift */; };
		9790585D225CCCD50077A826 /* GenresListViewController.swift in Sources */ = {isa = PBXBuildFile; fileRef = 9790585C225CCCD50077A826 /* GenresListViewController.swift */; };
		9790585F225CCD090077A826 /* BooksListViewController.swift in Sources */ = {isa = PBXBuildFile; fileRef = 9790585E225CCD090077A826 /* BooksListViewController.swift */; };
		979AF99A2264891F001E8947 /* BookListCell.xib in Resources */ = {isa = PBXBuildFile; fileRef = 979AF9982264891F001E8947 /* BookListCell.xib */; };
		979AF99B2264891F001E8947 /* BookListCell.swift in Sources */ = {isa = PBXBuildFile; fileRef = 979AF9992264891F001E8947 /* BookListCell.swift */; };
		979AF99D22648F8D001E8947 /* SearchBookByGenreRequest.swift in Sources */ = {isa = PBXBuildFile; fileRef = 979AF99C22648F8D001E8947 /* SearchBookByGenreRequest.swift */; };
		979AF9A3226497CC001E8947 /* ProgressCell.xib in Resources */ = {isa = PBXBuildFile; fileRef = 979AF9A1226497CC001E8947 /* ProgressCell.xib */; };
		979AF9A4226497CC001E8947 /* ProgressCell.swift in Sources */ = {isa = PBXBuildFile; fileRef = 979AF9A2226497CC001E8947 /* ProgressCell.swift */; };
		979AF9AA22658076001E8947 /* BookShelfViewController.swift in Sources */ = {isa = PBXBuildFile; fileRef = 979AF9A922658076001E8947 /* BookShelfViewController.swift */; };
		979AF9AD2265CE53001E8947 /* PageCell.swift in Sources */ = {isa = PBXBuildFile; fileRef = 979AF9AC2265CE53001E8947 /* PageCell.swift */; };
		979AF9AF2265D407001E8947 /* SearchAllBooksRequest.swift in Sources */ = {isa = PBXBuildFile; fileRef = 979AF9AE2265D407001E8947 /* SearchAllBooksRequest.swift */; };
		979AF9B52266C408001E8947 /* KeyWordCell.xib in Resources */ = {isa = PBXBuildFile; fileRef = 979AF9B32266C408001E8947 /* KeyWordCell.xib */; };
		979AF9B62266C408001E8947 /* KeyWordCell.swift in Sources */ = {isa = PBXBuildFile; fileRef = 979AF9B42266C408001E8947 /* KeyWordCell.swift */; };
		979AF9BC2266E5FA001E8947 /* CategoryCell.xib in Resources */ = {isa = PBXBuildFile; fileRef = 979AF9BA2266E5FA001E8947 /* CategoryCell.xib */; };
		979AF9BD2266E5FA001E8947 /* CategoryCell.swift in Sources */ = {isa = PBXBuildFile; fileRef = 979AF9BB2266E5FA001E8947 /* CategoryCell.swift */; };
		979AF9BF226709DC001E8947 /* EditGernesViewController.swift in Sources */ = {isa = PBXBuildFile; fileRef = 979AF9BE226709DC001E8947 /* EditGernesViewController.swift */; };
		979AF9C122670A07001E8947 /* BookShelfCategoryViewController.swift in Sources */ = {isa = PBXBuildFile; fileRef = 979AF9C022670A07001E8947 /* BookShelfCategoryViewController.swift */; };
		979B715A22682FFF00D29F48 /* ProfileViewController+CollectionViewExtension.swift in Sources */ = {isa = PBXBuildFile; fileRef = 979B715922682FFF00D29F48 /* ProfileViewController+CollectionViewExtension.swift */; };
		97CD7620225EF410005D3102 /* Date+Extension.swift in Sources */ = {isa = PBXBuildFile; fileRef = 97CD761F225EF410005D3102 /* Date+Extension.swift */; };
		97CD7625225F2E37005D3102 /* ISBNList.swift in Sources */ = {isa = PBXBuildFile; fileRef = 97CD7624225F2E37005D3102 /* ISBNList.swift */; };
		97CD762F225F87EB005D3102 /* APIService.swift in Sources */ = {isa = PBXBuildFile; fileRef = 97CD762E225F87EB005D3102 /* APIService.swift */; };
		97CD7635225F88B2005D3102 /* BaseError.swift in Sources */ = {isa = PBXBuildFile; fileRef = 97CD7634225F88B2005D3102 /* BaseError.swift */; };
		97CD7637225F8977005D3102 /* ErrorResponse.swift in Sources */ = {isa = PBXBuildFile; fileRef = 97CD7636225F8977005D3102 /* ErrorResponse.swift */; };
		97CD7639225F89D2005D3102 /* BaseResult.swift in Sources */ = {isa = PBXBuildFile; fileRef = 97CD7638225F89D2005D3102 /* BaseResult.swift */; };
		97CD763B225F8A43005D3102 /* CustomRequestAdapter.swift in Sources */ = {isa = PBXBuildFile; fileRef = 97CD763A225F8A43005D3102 /* CustomRequestAdapter.swift */; };
		97CD763F225F8AAC005D3102 /* BaseRequest.swift in Sources */ = {isa = PBXBuildFile; fileRef = 97CD763E225F8AAC005D3102 /* BaseRequest.swift */; };
		97CD7645225F8E53005D3102 /* BookRepository.swift in Sources */ = {isa = PBXBuildFile; fileRef = 97CD7644225F8E53005D3102 /* BookRepository.swift */; };
		97CD7647225F8F04005D3102 /* SearchBookResponse.swift in Sources */ = {isa = PBXBuildFile; fileRef = 97CD7646225F8F04005D3102 /* SearchBookResponse.swift */; };
		97CD7649225F8F0F005D3102 /* SearchBookRequest.swift in Sources */ = {isa = PBXBuildFile; fileRef = 97CD7648225F8F0F005D3102 /* SearchBookRequest.swift */; };
		97CD764B225F980A005D3102 /* ErrorResponseJSON.swift in Sources */ = {isa = PBXBuildFile; fileRef = 97CD764A225F980A005D3102 /* ErrorResponseJSON.swift */; };
		97CD764D225F98E1005D3102 /* SearchIsbnRequest.swift in Sources */ = {isa = PBXBuildFile; fileRef = 97CD764C225F98E1005D3102 /* SearchIsbnRequest.swift */; };
		97CD764F225F9940005D3102 /* IsbnRepository.swift in Sources */ = {isa = PBXBuildFile; fileRef = 97CD764E225F9940005D3102 /* IsbnRepository.swift */; };
		97CD7651225F99DF005D3102 /* SearchIsbnResponse.swift in Sources */ = {isa = PBXBuildFile; fileRef = 97CD7650225F99DF005D3102 /* SearchIsbnResponse.swift */; };
		97CD7653225F9BBA005D3102 /* BaseResultJSON.swift in Sources */ = {isa = PBXBuildFile; fileRef = 97CD7652225F9BBA005D3102 /* BaseResultJSON.swift */; };
		97CD765522602690005D3102 /* ISBN.swift in Sources */ = {isa = PBXBuildFile; fileRef = 97CD765422602690005D3102 /* ISBN.swift */; };
		97CD765722602C32005D3102 /* UIFont+Extension.swift in Sources */ = {isa = PBXBuildFile; fileRef = 97CD765622602C32005D3102 /* UIFont+Extension.swift */; };
		97CD76592260308C005D3102 /* APIKey.swift in Sources */ = {isa = PBXBuildFile; fileRef = 97CD76582260308C005D3102 /* APIKey.swift */; };
		97CD765B22604B7C005D3102 /* GenreDisplayCell.swift in Sources */ = {isa = PBXBuildFile; fileRef = 97CD765A22604B7C005D3102 /* GenreDisplayCell.swift */; };
		97CD76642260C605005D3102 /* AboutBookViewController.swift in Sources */ = {isa = PBXBuildFile; fileRef = 97CD76632260C605005D3102 /* AboutBookViewController.swift */; };
		97CD76662260C612005D3102 /* ReviewBookViewController.swift in Sources */ = {isa = PBXBuildFile; fileRef = 97CD76652260C612005D3102 /* ReviewBookViewController.swift */; };
		97CD76682260F461005D3102 /* BookDetailRequest.swift in Sources */ = {isa = PBXBuildFile; fileRef = 97CD76672260F461005D3102 /* BookDetailRequest.swift */; };
		97CD766A2260F473005D3102 /* BookDetailResponse.swift in Sources */ = {isa = PBXBuildFile; fileRef = 97CD76692260F473005D3102 /* BookDetailResponse.swift */; };
		97CD766C2260F631005D3102 /* BookDetailRepository.swift in Sources */ = {isa = PBXBuildFile; fileRef = 97CD766B2260F631005D3102 /* BookDetailRepository.swift */; };
		97CD76722261DE47005D3102 /* SimiliarBookRequest.swift in Sources */ = {isa = PBXBuildFile; fileRef = 97CD76712261DE47005D3102 /* SimiliarBookRequest.swift */; };
		97CD76762261DF19005D3102 /* SimiliarBookRepository.swift in Sources */ = {isa = PBXBuildFile; fileRef = 97CD76752261DF19005D3102 /* SimiliarBookRepository.swift */; };
		D8D8A434CDE658E9B0F96C63 /* Pods_BookLover.framework in Frameworks */ = {isa = PBXBuildFile; fileRef = 67A5AF1DA3EAA298F4297B7F /* Pods_BookLover.framework */; };
/* End PBXBuildFile section */

/* Begin PBXFileReference section */
		09BA817D9B4C73973B3915D2 /* Pods-BookLover.release.xcconfig */ = {isa = PBXFileReference; includeInIndex = 1; lastKnownFileType = text.xcconfig; name = "Pods-BookLover.release.xcconfig"; path = "Target Support Files/Pods-BookLover/Pods-BookLover.release.xcconfig"; sourceTree = "<group>"; };
		0C5ED8F04C03E1A1BE141637 /* Pods-BookLover.debug.xcconfig */ = {isa = PBXFileReference; includeInIndex = 1; lastKnownFileType = text.xcconfig; name = "Pods-BookLover.debug.xcconfig"; path = "Target Support Files/Pods-BookLover/Pods-BookLover.debug.xcconfig"; sourceTree = "<group>"; };
		67A5AF1DA3EAA298F4297B7F /* Pods_BookLover.framework */ = {isa = PBXFileReference; explicitFileType = wrapper.framework; includeInIndex = 0; path = Pods_BookLover.framework; sourceTree = BUILT_PRODUCTS_DIR; };
		97565291225D843900748B5A /* BookDetailViewController.swift */ = {isa = PBXFileReference; lastKnownFileType = sourcecode.swift; path = BookDetailViewController.swift; sourceTree = "<group>"; };
		97565296225DB5F600748B5A /* TabBarController.swift */ = {isa = PBXFileReference; fileEncoding = 4; lastKnownFileType = sourcecode.swift; path = TabBarController.swift; sourceTree = "<group>"; };
		976C5F0D22549C6100104CDA /* BookLover.app */ = {isa = PBXFileReference; explicitFileType = wrapper.application; includeInIndex = 0; path = BookLover.app; sourceTree = BUILT_PRODUCTS_DIR; };
		976C5F1022549C6100104CDA /* AppDelegate.swift */ = {isa = PBXFileReference; lastKnownFileType = sourcecode.swift; path = AppDelegate.swift; sourceTree = "<group>"; };
		976C5F1522549C6100104CDA /* Base */ = {isa = PBXFileReference; lastKnownFileType = file.storyboard; name = Base; path = Base.lproj/Main.storyboard; sourceTree = "<group>"; };
		976C5F1A22549C6200104CDA /* Assets.xcassets */ = {isa = PBXFileReference; lastKnownFileType = folder.assetcatalog; path = Assets.xcassets; sourceTree = "<group>"; };
		976C5F1D22549C6200104CDA /* Base */ = {isa = PBXFileReference; lastKnownFileType = file.storyboard; name = Base; path = Base.lproj/LaunchScreen.storyboard; sourceTree = "<group>"; };
		976C5F1F22549C6200104CDA /* Info.plist */ = {isa = PBXFileReference; lastKnownFileType = text.plist.xml; path = Info.plist; sourceTree = "<group>"; };
		976C5F342254A14500104CDA /* Storyboards.swift */ = {isa = PBXFileReference; lastKnownFileType = sourcecode.swift; path = Storyboards.swift; sourceTree = "<group>"; };
		976C5F532255B5E900104CDA /* Explore.storyboard */ = {isa = PBXFileReference; fileEncoding = 4; lastKnownFileType = file.storyboard; path = Explore.storyboard; sourceTree = "<group>"; };
		976C5F542255B5E900104CDA /* Home.storyboard */ = {isa = PBXFileReference; fileEncoding = 4; lastKnownFileType = file.storyboard; path = Home.storyboard; sourceTree = "<group>"; };
		976C5F552255B5E900104CDA /* Profile.storyboard */ = {isa = PBXFileReference; fileEncoding = 4; lastKnownFileType = file.storyboard; path = Profile.storyboard; sourceTree = "<group>"; };
		976C5F5C2255B64200104CDA /* ProfileViewController.swift */ = {isa = PBXFileReference; lastKnownFileType = sourcecode.swift; path = ProfileViewController.swift; sourceTree = "<group>"; };
		976C5F5E2255B66500104CDA /* HomeViewController.swift */ = {isa = PBXFileReference; lastKnownFileType = sourcecode.swift; path = HomeViewController.swift; sourceTree = "<group>"; };
		976C5F602255B67000104CDA /* ExploreViewController.swift */ = {isa = PBXFileReference; lastKnownFileType = sourcecode.swift; path = ExploreViewController.swift; sourceTree = "<group>"; };
		976C5F682255C36700104CDA /* Constants.swift */ = {isa = PBXFileReference; lastKnownFileType = sourcecode.swift; path = Constants.swift; sourceTree = "<group>"; };
		976C5F6A2256F21000104CDA /* Book.swift */ = {isa = PBXFileReference; lastKnownFileType = sourcecode.swift; path = Book.swift; sourceTree = "<group>"; };
		976C5F6C2256F52F00104CDA /* DetailAuthor.swift */ = {isa = PBXFileReference; lastKnownFileType = sourcecode.swift; path = DetailAuthor.swift; sourceTree = "<group>"; };
		976C5F7922572B6B00104CDA /* Configuration.swift */ = {isa = PBXFileReference; lastKnownFileType = sourcecode.swift; path = Configuration.swift; sourceTree = "<group>"; };
		976C5F7D22573EE100104CDA /* BookLover.xcdatamodel */ = {isa = PBXFileReference; lastKnownFileType = wrapper.xcdatamodel; path = BookLover.xcdatamodel; sourceTree = "<group>"; };
		976C5F852259D93C00104CDA /* Text.swift */ = {isa = PBXFileReference; lastKnownFileType = sourcecode.swift; path = Text.swift; sourceTree = "<group>"; };
		976C5F872259DE9400104CDA /* BookDetail.swift */ = {isa = PBXFileReference; lastKnownFileType = sourcecode.swift; path = BookDetail.swift; sourceTree = "<group>"; };
		976C5F892259E0F500104CDA /* Author.swift */ = {isa = PBXFileReference; lastKnownFileType = sourcecode.swift; path = Author.swift; sourceTree = "<group>"; };
		976C5F8C225A0FC400104CDA /* WelcomeViewController.swift */ = {isa = PBXFileReference; lastKnownFileType = sourcecode.swift; path = WelcomeViewController.swift; sourceTree = "<group>"; };
		976C5F90225A190700104CDA /* WelcomeCell.swift */ = {isa = PBXFileReference; lastKnownFileType = sourcecode.swift; path = WelcomeCell.swift; sourceTree = "<group>"; };
		976C5F92225A1A2800104CDA /* UIColor+Extension.swift */ = {isa = PBXFileReference; lastKnownFileType = sourcecode.swift; path = "UIColor+Extension.swift"; sourceTree = "<group>"; };
		976C5F96225A42D900104CDA /* UIView+Extension.swift */ = {isa = PBXFileReference; lastKnownFileType = sourcecode.swift; path = "UIView+Extension.swift"; sourceTree = "<group>"; };
		976C5F98225A44FC00104CDA /* String+Extension.swift */ = {isa = PBXFileReference; lastKnownFileType = sourcecode.swift; path = "String+Extension.swift"; sourceTree = "<group>"; };
		976C5F9A225A506500104CDA /* UIViewController+Extension.swift */ = {isa = PBXFileReference; lastKnownFileType = sourcecode.swift; path = "UIViewController+Extension.swift"; sourceTree = "<group>"; };
		976C5FAD225B98D200104CDA /* RatingView.swift */ = {isa = PBXFileReference; lastKnownFileType = sourcecode.swift; path = RatingView.swift; sourceTree = "<group>"; };
		976C5FAF225B98EC00104CDA /* RatingView.xib */ = {isa = PBXFileReference; lastKnownFileType = file.xib; path = RatingView.xib; sourceTree = "<group>"; };
		976C5FB2225B9BB600104CDA /* BookCell.xib */ = {isa = PBXFileReference; lastKnownFileType = file.xib; path = BookCell.xib; sourceTree = "<group>"; };
		976C5FB3225B9BB600104CDA /* BookCell.swift */ = {isa = PBXFileReference; lastKnownFileType = sourcecode.swift; path = BookCell.swift; sourceTree = "<group>"; };
		976C5FB7225BA2E400104CDA /* GenreCell.swift */ = {isa = PBXFileReference; lastKnownFileType = sourcecode.swift; path = GenreCell.swift; sourceTree = "<group>"; };
		9790585C225CCCD50077A826 /* GenresListViewController.swift */ = {isa = PBXFileReference; lastKnownFileType = sourcecode.swift; path = GenresListViewController.swift; sourceTree = "<group>"; };
		9790585E225CCD090077A826 /* BooksListViewController.swift */ = {isa = PBXFileReference; lastKnownFileType = sourcecode.swift; path = BooksListViewController.swift; sourceTree = "<group>"; };
		979AF9982264891F001E8947 /* BookListCell.xib */ = {isa = PBXFileReference; lastKnownFileType = file.xib; path = BookListCell.xib; sourceTree = "<group>"; };
		979AF9992264891F001E8947 /* BookListCell.swift */ = {isa = PBXFileReference; lastKnownFileType = sourcecode.swift; path = BookListCell.swift; sourceTree = "<group>"; };
		979AF99C22648F8D001E8947 /* SearchBookByGenreRequest.swift */ = {isa = PBXFileReference; lastKnownFileType = sourcecode.swift; path = SearchBookByGenreRequest.swift; sourceTree = "<group>"; };
		979AF9A1226497CC001E8947 /* ProgressCell.xib */ = {isa = PBXFileReference; lastKnownFileType = file.xib; path = ProgressCell.xib; sourceTree = "<group>"; };
		979AF9A2226497CC001E8947 /* ProgressCell.swift */ = {isa = PBXFileReference; lastKnownFileType = sourcecode.swift; path = ProgressCell.swift; sourceTree = "<group>"; };
		979AF9A922658076001E8947 /* BookShelfViewController.swift */ = {isa = PBXFileReference; lastKnownFileType = sourcecode.swift; path = BookShelfViewController.swift; sourceTree = "<group>"; };
		979AF9AC2265CE53001E8947 /* PageCell.swift */ = {isa = PBXFileReference; lastKnownFileType = sourcecode.swift; path = PageCell.swift; sourceTree = "<group>"; };
		979AF9AE2265D407001E8947 /* SearchAllBooksRequest.swift */ = {isa = PBXFileReference; lastKnownFileType = sourcecode.swift; path = SearchAllBooksRequest.swift; sourceTree = "<group>"; };
		979AF9B32266C408001E8947 /* KeyWordCell.xib */ = {isa = PBXFileReference; lastKnownFileType = file.xib; path = KeyWordCell.xib; sourceTree = "<group>"; };
		979AF9B42266C408001E8947 /* KeyWordCell.swift */ = {isa = PBXFileReference; lastKnownFileType = sourcecode.swift; path = KeyWordCell.swift; sourceTree = "<group>"; };
		979AF9BA2266E5FA001E8947 /* CategoryCell.xib */ = {isa = PBXFileReference; lastKnownFileType = file.xib; path = CategoryCell.xib; sourceTree = "<group>"; };
		979AF9BB2266E5FA001E8947 /* CategoryCell.swift */ = {isa = PBXFileReference; lastKnownFileType = sourcecode.swift; path = CategoryCell.swift; sourceTree = "<group>"; };
		979AF9BE226709DC001E8947 /* EditGernesViewController.swift */ = {isa = PBXFileReference; lastKnownFileType = sourcecode.swift; path = EditGernesViewController.swift; sourceTree = "<group>"; };
		979AF9C022670A07001E8947 /* BookShelfCategoryViewController.swift */ = {isa = PBXFileReference; lastKnownFileType = sourcecode.swift; path = BookShelfCategoryViewController.swift; sourceTree = "<group>"; };
		979B715922682FFF00D29F48 /* ProfileViewController+CollectionViewExtension.swift */ = {isa = PBXFileReference; lastKnownFileType = sourcecode.swift; path = "ProfileViewController+CollectionViewExtension.swift"; sourceTree = "<group>"; };
		97CD761F225EF410005D3102 /* Date+Extension.swift */ = {isa = PBXFileReference; lastKnownFileType = sourcecode.swift; path = "Date+Extension.swift"; sourceTree = "<group>"; };
		97CD7624225F2E37005D3102 /* ISBNList.swift */ = {isa = PBXFileReference; lastKnownFileType = sourcecode.swift; path = ISBNList.swift; sourceTree = "<group>"; };
		97CD762E225F87EB005D3102 /* APIService.swift */ = {isa = PBXFileReference; lastKnownFileType = sourcecode.swift; path = APIService.swift; sourceTree = "<group>"; };
		97CD7634225F88B2005D3102 /* BaseError.swift */ = {isa = PBXFileReference; lastKnownFileType = sourcecode.swift; path = BaseError.swift; sourceTree = "<group>"; };
		97CD7636225F8977005D3102 /* ErrorResponse.swift */ = {isa = PBXFileReference; lastKnownFileType = sourcecode.swift; path = ErrorResponse.swift; sourceTree = "<group>"; };
		97CD7638225F89D2005D3102 /* BaseResult.swift */ = {isa = PBXFileReference; lastKnownFileType = sourcecode.swift; path = BaseResult.swift; sourceTree = "<group>"; };
		97CD763A225F8A43005D3102 /* CustomRequestAdapter.swift */ = {isa = PBXFileReference; lastKnownFileType = sourcecode.swift; path = CustomRequestAdapter.swift; sourceTree = "<group>"; };
		97CD763E225F8AAC005D3102 /* BaseRequest.swift */ = {isa = PBXFileReference; lastKnownFileType = sourcecode.swift; path = BaseRequest.swift; sourceTree = "<group>"; };
		97CD7644225F8E53005D3102 /* BookRepository.swift */ = {isa = PBXFileReference; lastKnownFileType = sourcecode.swift; path = BookRepository.swift; sourceTree = "<group>"; };
		97CD7646225F8F04005D3102 /* SearchBookResponse.swift */ = {isa = PBXFileReference; lastKnownFileType = sourcecode.swift; path = SearchBookResponse.swift; sourceTree = "<group>"; };
		97CD7648225F8F0F005D3102 /* SearchBookRequest.swift */ = {isa = PBXFileReference; lastKnownFileType = sourcecode.swift; path = SearchBookRequest.swift; sourceTree = "<group>"; };
		97CD764A225F980A005D3102 /* ErrorResponseJSON.swift */ = {isa = PBXFileReference; lastKnownFileType = sourcecode.swift; path = ErrorResponseJSON.swift; sourceTree = "<group>"; };
		97CD764C225F98E1005D3102 /* SearchIsbnRequest.swift */ = {isa = PBXFileReference; lastKnownFileType = sourcecode.swift; path = SearchIsbnRequest.swift; sourceTree = "<group>"; };
		97CD764E225F9940005D3102 /* IsbnRepository.swift */ = {isa = PBXFileReference; lastKnownFileType = sourcecode.swift; path = IsbnRepository.swift; sourceTree = "<group>"; };
		97CD7650225F99DF005D3102 /* SearchIsbnResponse.swift */ = {isa = PBXFileReference; lastKnownFileType = sourcecode.swift; path = SearchIsbnResponse.swift; sourceTree = "<group>"; };
		97CD7652225F9BBA005D3102 /* BaseResultJSON.swift */ = {isa = PBXFileReference; lastKnownFileType = sourcecode.swift; path = BaseResultJSON.swift; sourceTree = "<group>"; };
		97CD765422602690005D3102 /* ISBN.swift */ = {isa = PBXFileReference; fileEncoding = 4; lastKnownFileType = sourcecode.swift; path = ISBN.swift; sourceTree = "<group>"; };
		97CD765622602C32005D3102 /* UIFont+Extension.swift */ = {isa = PBXFileReference; lastKnownFileType = sourcecode.swift; path = "UIFont+Extension.swift"; sourceTree = "<group>"; };
		97CD76582260308C005D3102 /* APIKey.swift */ = {isa = PBXFileReference; lastKnownFileType = sourcecode.swift; path = APIKey.swift; sourceTree = "<group>"; };
		97CD765A22604B7C005D3102 /* GenreDisplayCell.swift */ = {isa = PBXFileReference; lastKnownFileType = sourcecode.swift; path = GenreDisplayCell.swift; sourceTree = "<group>"; };
		97CD76632260C605005D3102 /* AboutBookViewController.swift */ = {isa = PBXFileReference; lastKnownFileType = sourcecode.swift; path = AboutBookViewController.swift; sourceTree = "<group>"; };
		97CD76652260C612005D3102 /* ReviewBookViewController.swift */ = {isa = PBXFileReference; lastKnownFileType = sourcecode.swift; path = ReviewBookViewController.swift; sourceTree = "<group>"; };
		97CD76672260F461005D3102 /* BookDetailRequest.swift */ = {isa = PBXFileReference; lastKnownFileType = sourcecode.swift; path = BookDetailRequest.swift; sourceTree = "<group>"; };
		97CD76692260F473005D3102 /* BookDetailResponse.swift */ = {isa = PBXFileReference; lastKnownFileType = sourcecode.swift; path = BookDetailResponse.swift; sourceTree = "<group>"; };
		97CD766B2260F631005D3102 /* BookDetailRepository.swift */ = {isa = PBXFileReference; lastKnownFileType = sourcecode.swift; path = BookDetailRepository.swift; sourceTree = "<group>"; };
		97CD76712261DE47005D3102 /* SimiliarBookRequest.swift */ = {isa = PBXFileReference; lastKnownFileType = sourcecode.swift; path = SimiliarBookRequest.swift; sourceTree = "<group>"; };
		97CD76752261DF19005D3102 /* SimiliarBookRepository.swift */ = {isa = PBXFileReference; lastKnownFileType = sourcecode.swift; path = SimiliarBookRepository.swift; sourceTree = "<group>"; };
		B2DAFF0A91AE226FF598E14D /* Pods_ios_i_book_lover.framework */ = {isa = PBXFileReference; explicitFileType = wrapper.framework; includeInIndex = 0; path = Pods_ios_i_book_lover.framework; sourceTree = BUILT_PRODUCTS_DIR; };
/* End PBXFileReference section */

/* Begin PBXFrameworksBuildPhase section */
		976C5F0A22549C6100104CDA /* Frameworks */ = {
			isa = PBXFrameworksBuildPhase;
			buildActionMask = 2147483647;
			files = (
				D8D8A434CDE658E9B0F96C63 /* Pods_BookLover.framework in Frameworks */,
			);
			runOnlyForDeploymentPostprocessing = 0;
		};
/* End PBXFrameworksBuildPhase section */

/* Begin PBXGroup section */
		0F8A19D1512781DCBDC8C429 /* Frameworks */ = {
			isa = PBXGroup;
			children = (
				B2DAFF0A91AE226FF598E14D /* Pods_ios_i_book_lover.framework */,
				67A5AF1DA3EAA298F4297B7F /* Pods_BookLover.framework */,
			);
			name = Frameworks;
			sourceTree = "<group>";
		};
		976C5F0422549C6100104CDA = {
			isa = PBXGroup;
			children = (
				976C5F0F22549C6100104CDA /* ios-i-book-lover */,
				976C5F0E22549C6100104CDA /* Products */,
				B778718EF6273DCA93CA8076 /* Pods */,
				0F8A19D1512781DCBDC8C429 /* Frameworks */,
			);
			sourceTree = "<group>";
		};
		976C5F0E22549C6100104CDA /* Products */ = {
			isa = PBXGroup;
			children = (
				976C5F0D22549C6100104CDA /* BookLover.app */,
			);
			name = Products;
			sourceTree = "<group>";
		};
		976C5F0F22549C6100104CDA /* ios-i-book-lover */ = {
			isa = PBXGroup;
			children = (
				97CD762A225F876E005D3102 /* Source */,
				976C5F2522549C8800104CDA /* Application */,
				976C5F2C22549D0D00104CDA /* Extensions */,
				976C5F78225710B500104CDA /* Service */,
				976C5F2722549CB900104CDA /* Data */,
				976C5F2F22549D4B00104CDA /* Scenes */,
				976C5F2E22549D3800104CDA /* Resource */,
				97CD760A225DE444005D3102 /* Repository */,
				976C5F3022549D8600104CDA /* Utils */,
				976C5F1F22549C6200104CDA /* Info.plist */,
				976C5F7C22573EE100104CDA /* BookLover.xcdatamodeld */,
			);
			path = "ios-i-book-lover";
			sourceTree = "<group>";
		};
		976C5F2522549C8800104CDA /* Application */ = {
			isa = PBXGroup;
			children = (
				976C5F1022549C6100104CDA /* AppDelegate.swift */,
			);
			path = Application;
			sourceTree = "<group>";
		};
		976C5F2722549CB900104CDA /* Data */ = {
			isa = PBXGroup;
			children = (
				976C5F2822549CC100104CDA /* Model */,
			);
			path = Data;
			sourceTree = "<group>";
		};
		976C5F2822549CC100104CDA /* Model */ = {
			isa = PBXGroup;
			children = (
				97CD7621225F2DEC005D3102 /* Isbn */,
				976C5F8022590AEE00104CDA /* Author */,
				976C5F7F22590AE200104CDA /* Book */,
			);
			path = Model;
			sourceTree = "<group>";
		};
		976C5F2C22549D0D00104CDA /* Extensions */ = {
			isa = PBXGroup;
			children = (
				976C5F92225A1A2800104CDA /* UIColor+Extension.swift */,
				976C5F96225A42D900104CDA /* UIView+Extension.swift */,
				976C5F98225A44FC00104CDA /* String+Extension.swift */,
				976C5F9A225A506500104CDA /* UIViewController+Extension.swift */,
				97CD761F225EF410005D3102 /* Date+Extension.swift */,
				97CD765622602C32005D3102 /* UIFont+Extension.swift */,
			);
			path = Extensions;
			sourceTree = "<group>";
		};
		976C5F2E22549D3800104CDA /* Resource */ = {
			isa = PBXGroup;
			children = (
				976C5F1A22549C6200104CDA /* Assets.xcassets */,
			);
			path = Resource;
			sourceTree = "<group>";
		};
		976C5F2F22549D4B00104CDA /* Scenes */ = {
			isa = PBXGroup;
			children = (
				976C5F8E225A10AC00104CDA /* Cell */,
				976C5F8B225A0F9F00104CDA /* Welcome */,
				976C5F622255B69200104CDA /* TabBar */,
				976C5F5B2255B60F00104CDA /* Explore */,
				976C5F5A2255B60700104CDA /* Home */,
				976C5F592255B5FD00104CDA /* Profile */,
				976C5F332254A0E000104CDA /* Storyboard */,
				976C5F3222549DE300104CDA /* LaunchingScreen */,
			);
			path = Scenes;
			sourceTree = "<group>";
		};
		976C5F3022549D8600104CDA /* Utils */ = {
			isa = PBXGroup;
			children = (
				976C5F682255C36700104CDA /* Constants.swift */,
				97CD76582260308C005D3102 /* APIKey.swift */,
			);
			path = Utils;
			sourceTree = "<group>";
		};
		976C5F3222549DE300104CDA /* LaunchingScreen */ = {
			isa = PBXGroup;
			children = (
				976C5F1C22549C6200104CDA /* LaunchScreen.storyboard */,
			);
			path = LaunchingScreen;
			sourceTree = "<group>";
		};
		976C5F332254A0E000104CDA /* Storyboard */ = {
			isa = PBXGroup;
			children = (
				976C5F532255B5E900104CDA /* Explore.storyboard */,
				976C5F542255B5E900104CDA /* Home.storyboard */,
				976C5F552255B5E900104CDA /* Profile.storyboard */,
				976C5F1422549C6100104CDA /* Main.storyboard */,
				976C5F342254A14500104CDA /* Storyboards.swift */,
			);
			path = Storyboard;
			sourceTree = "<group>";
		};
		976C5F592255B5FD00104CDA /* Profile */ = {
			isa = PBXGroup;
			children = (
				976C5F5C2255B64200104CDA /* ProfileViewController.swift */,
				979AF9BE226709DC001E8947 /* EditGernesViewController.swift */,
				979AF9C022670A07001E8947 /* BookShelfCategoryViewController.swift */,
				979B715922682FFF00D29F48 /* ProfileViewController+CollectionViewExtension.swift */,
			);
			path = Profile;
			sourceTree = "<group>";
		};
		976C5F5A2255B60700104CDA /* Home */ = {
			isa = PBXGroup;
			children = (
				97CD76622260C5DF005D3102 /* BookDetail */,
				976C5F5E2255B66500104CDA /* HomeViewController.swift */,
				9790585C225CCCD50077A826 /* GenresListViewController.swift */,
				9790585E225CCD090077A826 /* BooksListViewController.swift */,
				979AF9A922658076001E8947 /* BookShelfViewController.swift */,
			);
			path = Home;
			sourceTree = "<group>";
		};
		976C5F5B2255B60F00104CDA /* Explore */ = {
			isa = PBXGroup;
			children = (
				976C5F602255B67000104CDA /* ExploreViewController.swift */,
			);
			path = Explore;
			sourceTree = "<group>";
		};
		976C5F622255B69200104CDA /* TabBar */ = {
			isa = PBXGroup;
			children = (
				97565296225DB5F600748B5A /* TabBarController.swift */,
			);
			path = TabBar;
			sourceTree = "<group>";
		};
		976C5F78225710B500104CDA /* Service */ = {
			isa = PBXGroup;
			children = (
				976C5F7922572B6B00104CDA /* Configuration.swift */,
			);
			path = Service;
			sourceTree = "<group>";
		};
		976C5F7F22590AE200104CDA /* Book */ = {
			isa = PBXGroup;
			children = (
				976C5F6A2256F21000104CDA /* Book.swift */,
				976C5F872259DE9400104CDA /* BookDetail.swift */,
				976C5F852259D93C00104CDA /* Text.swift */,
			);
			path = Book;
			sourceTree = "<group>";
		};
		976C5F8022590AEE00104CDA /* Author */ = {
			isa = PBXGroup;
			children = (
				976C5F892259E0F500104CDA /* Author.swift */,
				976C5F6C2256F52F00104CDA /* DetailAuthor.swift */,
			);
			path = Author;
			sourceTree = "<group>";
		};
		976C5F8B225A0F9F00104CDA /* Welcome */ = {
			isa = PBXGroup;
			children = (
				976C5F8C225A0FC400104CDA /* WelcomeViewController.swift */,
			);
			path = Welcome;
			sourceTree = "<group>";
		};
		976C5F8E225A10AC00104CDA /* Cell */ = {
			isa = PBXGroup;
			children = (
				979AF9B72266E5AB001E8947 /* CategoryCell */,
				979AF9B02266C3B5001E8947 /* KeyWordCell */,
				979AF9AB2265CE3C001E8947 /* PageCell */,
				979AF9A0226497A4001E8947 /* ProgressCell */,
				976C5FB6225BA2CD00104CDA /* GenreCell */,
				976C5FB1225B9B8600104CDA /* BookCell */,
				976C5FA8225B981D00104CDA /* RatingView */,
				976C5F8F225A18C200104CDA /* WelcomeCell */,
			);
			path = Cell;
			sourceTree = "<group>";
		};
		976C5F8F225A18C200104CDA /* WelcomeCell */ = {
			isa = PBXGroup;
			children = (
				976C5F90225A190700104CDA /* WelcomeCell.swift */,
			);
			path = WelcomeCell;
			sourceTree = "<group>";
		};
		976C5FA8225B981D00104CDA /* RatingView */ = {
			isa = PBXGroup;
			children = (
				976C5FAD225B98D200104CDA /* RatingView.swift */,
				976C5FAF225B98EC00104CDA /* RatingView.xib */,
			);
			path = RatingView;
			sourceTree = "<group>";
		};
		976C5FB1225B9B8600104CDA /* BookCell */ = {
			isa = PBXGroup;
			children = (
				976C5FB2225B9BB600104CDA /* BookCell.xib */,
				976C5FB3225B9BB600104CDA /* BookCell.swift */,
				979AF9982264891F001E8947 /* BookListCell.xib */,
				979AF9992264891F001E8947 /* BookListCell.swift */,
			);
			path = BookCell;
			sourceTree = "<group>";
		};
		976C5FB6225BA2CD00104CDA /* GenreCell */ = {
			isa = PBXGroup;
			children = (
				976C5FB7225BA2E400104CDA /* GenreCell.swift */,
				97CD765A22604B7C005D3102 /* GenreDisplayCell.swift */,
			);
			path = GenreCell;
			sourceTree = "<group>";
		};
		979AF9A0226497A4001E8947 /* ProgressCell */ = {
			isa = PBXGroup;
			children = (
				979AF9A1226497CC001E8947 /* ProgressCell.xib */,
				979AF9A2226497CC001E8947 /* ProgressCell.swift */,
			);
			path = ProgressCell;
			sourceTree = "<group>";
		};
		979AF9AB2265CE3C001E8947 /* PageCell */ = {
			isa = PBXGroup;
			children = (
				979AF9AC2265CE53001E8947 /* PageCell.swift */,
			);
			path = PageCell;
			sourceTree = "<group>";
		};
		979AF9B02266C3B5001E8947 /* KeyWordCell */ = {
			isa = PBXGroup;
			children = (
				979AF9B32266C408001E8947 /* KeyWordCell.xib */,
				979AF9B42266C408001E8947 /* KeyWordCell.swift */,
			);
			path = KeyWordCell;
			sourceTree = "<group>";
		};
		979AF9B72266E5AB001E8947 /* CategoryCell */ = {
			isa = PBXGroup;
			children = (
				979AF9BA2266E5FA001E8947 /* CategoryCell.xib */,
				979AF9BB2266E5FA001E8947 /* CategoryCell.swift */,
			);
			path = CategoryCell;
			sourceTree = "<group>";
		};
		97CD760A225DE444005D3102 /* Repository */ = {
			isa = PBXGroup;
			children = (
				97CD7644225F8E53005D3102 /* BookRepository.swift */,
				97CD764E225F9940005D3102 /* IsbnRepository.swift */,
				97CD766B2260F631005D3102 /* BookDetailRepository.swift */,
				97CD76752261DF19005D3102 /* SimiliarBookRepository.swift */,
			);
			path = Repository;
			sourceTree = "<group>";
		};
		97CD7621225F2DEC005D3102 /* Isbn */ = {
			isa = PBXGroup;
			children = (
				97CD765422602690005D3102 /* ISBN.swift */,
				97CD7624225F2E37005D3102 /* ISBNList.swift */,
			);
			path = Isbn;
			sourceTree = "<group>";
		};
		97CD762A225F876E005D3102 /* Source */ = {
			isa = PBXGroup;
			children = (
				97CD762B225F87C9005D3102 /* Remote */,
			);
			path = Source;
			sourceTree = "<group>";
		};
		97CD762B225F87C9005D3102 /* Remote */ = {
			isa = PBXGroup;
			children = (
				97CD762D225F87DA005D3102 /* API */,
				97CD762C225F87D3005D3102 /* Service */,
			);
			path = Remote;
			sourceTree = "<group>";
		};
		97CD762C225F87D3005D3102 /* Service */ = {
			isa = PBXGroup;
			children = (
				97CD762E225F87EB005D3102 /* APIService.swift */,
			);
			path = Service;
			sourceTree = "<group>";
		};
		97CD762D225F87DA005D3102 /* API */ = {
			isa = PBXGroup;
			children = (
				97CD7633225F883A005D3102 /* Error */,
				97CD7632225F8831005D3102 /* Middleware */,
				97CD7631225F882A005D3102 /* Request */,
				97CD7630225F8824005D3102 /* Response */,
			);
			path = API;
			sourceTree = "<group>";
		};
		97CD7630225F8824005D3102 /* Response */ = {
			isa = PBXGroup;
			children = (
				97CD7646225F8F04005D3102 /* SearchBookResponse.swift */,
				97CD7650225F99DF005D3102 /* SearchIsbnResponse.swift */,
				97CD76692260F473005D3102 /* BookDetailResponse.swift */,
			);
			path = Response;
			sourceTree = "<group>";
		};
		97CD7631225F882A005D3102 /* Request */ = {
			isa = PBXGroup;
			children = (
				97CD763E225F8AAC005D3102 /* BaseRequest.swift */,
				97CD7648225F8F0F005D3102 /* SearchBookRequest.swift */,
				97CD764C225F98E1005D3102 /* SearchIsbnRequest.swift */,
				97CD76672260F461005D3102 /* BookDetailRequest.swift */,
				97CD76712261DE47005D3102 /* SimiliarBookRequest.swift */,
				979AF99C22648F8D001E8947 /* SearchBookByGenreRequest.swift */,
				979AF9AE2265D407001E8947 /* SearchAllBooksRequest.swift */,
			);
			path = Request;
			sourceTree = "<group>";
		};
		97CD7632225F8831005D3102 /* Middleware */ = {
			isa = PBXGroup;
			children = (
				97CD7638225F89D2005D3102 /* BaseResult.swift */,
				97CD763A225F8A43005D3102 /* CustomRequestAdapter.swift */,
				97CD7652225F9BBA005D3102 /* BaseResultJSON.swift */,
			);
			path = Middleware;
			sourceTree = "<group>";
		};
		97CD7633225F883A005D3102 /* Error */ = {
			isa = PBXGroup;
			children = (
				97CD7634225F88B2005D3102 /* BaseError.swift */,
				97CD7636225F8977005D3102 /* ErrorResponse.swift */,
				97CD764A225F980A005D3102 /* ErrorResponseJSON.swift */,
			);
			path = Error;
			sourceTree = "<group>";
		};
		97CD76622260C5DF005D3102 /* BookDetail */ = {
			isa = PBXGroup;
			children = (
				97565291225D843900748B5A /* BookDetailViewController.swift */,
				97CD76632260C605005D3102 /* AboutBookViewController.swift */,
				97CD76652260C612005D3102 /* ReviewBookViewController.swift */,
			);
			path = BookDetail;
			sourceTree = "<group>";
		};
		B778718EF6273DCA93CA8076 /* Pods */ = {
			isa = PBXGroup;
			children = (
				0C5ED8F04C03E1A1BE141637 /* Pods-BookLover.debug.xcconfig */,
				09BA817D9B4C73973B3915D2 /* Pods-BookLover.release.xcconfig */,
			);
			path = Pods;
			sourceTree = "<group>";
		};
/* End PBXGroup section */

/* Begin PBXNativeTarget section */
		976C5F0C22549C6100104CDA /* BookLover */ = {
			isa = PBXNativeTarget;
			buildConfigurationList = 976C5F2222549C6300104CDA /* Build configuration list for PBXNativeTarget "BookLover" */;
			buildPhases = (
				0AF9FB47C82CE9026A551382 /* [CP] Check Pods Manifest.lock */,
				976C5F0922549C6100104CDA /* Sources */,
				976C5F0A22549C6100104CDA /* Frameworks */,
				976C5F0B22549C6100104CDA /* Resources */,
				3057BF32F7F17C295329B367 /* [CP] Embed Pods Frameworks */,
				976C5F362254A24100104CDA /* ShellScript */,
			);
			buildRules = (
			);
			dependencies = (
			);
			name = BookLover;
			productName = "ios-i-book-lover";
			productReference = 976C5F0D22549C6100104CDA /* BookLover.app */;
			productType = "com.apple.product-type.application";
		};
/* End PBXNativeTarget section */

/* Begin PBXProject section */
		976C5F0522549C6100104CDA /* Project object */ = {
			isa = PBXProject;
			attributes = {
				LastSwiftUpdateCheck = 1010;
				LastUpgradeCheck = 1010;
				ORGANIZATIONNAME = nguyen.nam.khanh;
				TargetAttributes = {
					976C5F0C22549C6100104CDA = {
						CreatedOnToolsVersion = 10.1;
					};
				};
			};
			buildConfigurationList = 976C5F0822549C6100104CDA /* Build configuration list for PBXProject "BookLover" */;
			compatibilityVersion = "Xcode 9.3";
			developmentRegion = en;
			hasScannedForEncodings = 0;
			knownRegions = (
				en,
				Base,
			);
			mainGroup = 976C5F0422549C6100104CDA;
			productRefGroup = 976C5F0E22549C6100104CDA /* Products */;
			projectDirPath = "";
			projectRoot = "";
			targets = (
				976C5F0C22549C6100104CDA /* BookLover */,
			);
		};
/* End PBXProject section */

/* Begin PBXResourcesBuildPhase section */
		976C5F0B22549C6100104CDA /* Resources */ = {
			isa = PBXResourcesBuildPhase;
			buildActionMask = 2147483647;
			files = (
				976C5FB4225B9BB600104CDA /* BookCell.xib in Resources */,
				979AF9A3226497CC001E8947 /* ProgressCell.xib in Resources */,
				976C5F1E22549C6200104CDA /* LaunchScreen.storyboard in Resources */,
				979AF9B52266C408001E8947 /* KeyWordCell.xib in Resources */,
				979AF99A2264891F001E8947 /* BookListCell.xib in Resources */,
				976C5F1B22549C6200104CDA /* Assets.xcassets in Resources */,
				976C5F562255B5E900104CDA /* Explore.storyboard in Resources */,
				979AF9BC2266E5FA001E8947 /* CategoryCell.xib in Resources */,
				976C5F1622549C6100104CDA /* Main.storyboard in Resources */,
				976C5FB0225B98EC00104CDA /* RatingView.xib in Resources */,
				976C5F582255B5E900104CDA /* Profile.storyboard in Resources */,
				976C5F572255B5E900104CDA /* Home.storyboard in Resources */,
			);
			runOnlyForDeploymentPostprocessing = 0;
		};
/* End PBXResourcesBuildPhase section */

/* Begin PBXShellScriptBuildPhase section */
		0AF9FB47C82CE9026A551382 /* [CP] Check Pods Manifest.lock */ = {
			isa = PBXShellScriptBuildPhase;
			buildActionMask = 2147483647;
			files = (
			);
			inputFileListPaths = (
			);
			inputPaths = (
				"${PODS_PODFILE_DIR_PATH}/Podfile.lock",
				"${PODS_ROOT}/Manifest.lock",
			);
			name = "[CP] Check Pods Manifest.lock";
			outputFileListPaths = (
			);
			outputPaths = (
				"$(DERIVED_FILE_DIR)/Pods-BookLover-checkManifestLockResult.txt",
			);
			runOnlyForDeploymentPostprocessing = 0;
			shellPath = /bin/sh;
			shellScript = "diff \"${PODS_PODFILE_DIR_PATH}/Podfile.lock\" \"${PODS_ROOT}/Manifest.lock\" > /dev/null\nif [ $? != 0 ] ; then\n    # print error to STDERR\n    echo \"error: The sandbox is not in sync with the Podfile.lock. Run 'pod install' or update your CocoaPods installation.\" >&2\n    exit 1\nfi\n# This output is used by Xcode 'outputs' to avoid re-running this script phase.\necho \"SUCCESS\" > \"${SCRIPT_OUTPUT_FILE_0}\"\n";
			showEnvVarsInLog = 0;
		};
		3057BF32F7F17C295329B367 /* [CP] Embed Pods Frameworks */ = {
			isa = PBXShellScriptBuildPhase;
			buildActionMask = 2147483647;
			files = (
			);
			inputFileListPaths = (
			);
			inputPaths = (
				"${PODS_ROOT}/Target Support Files/Pods-BookLover/Pods-BookLover-frameworks.sh",
				"${BUILT_PRODUCTS_DIR}/Alamofire/Alamofire.framework",
				"${BUILT_PRODUCTS_DIR}/AlamofireObjectMapper/AlamofireObjectMapper.framework",
				"${BUILT_PRODUCTS_DIR}/Kingfisher/Kingfisher.framework",
				"${BUILT_PRODUCTS_DIR}/ObjectMapper/ObjectMapper.framework",
				"${BUILT_PRODUCTS_DIR}/Reusable/Reusable.framework",
				"${BUILT_PRODUCTS_DIR}/SWXMLHash/SWXMLHash.framework",
				"${BUILT_PRODUCTS_DIR}/Then/Then.framework",
				"${BUILT_PRODUCTS_DIR}/XLPagerTabStrip/XLPagerTabStrip.framework",
				"${BUILT_PRODUCTS_DIR}/XMLMapper/XMLMapper.framework",
			);
			name = "[CP] Embed Pods Frameworks";
			outputFileListPaths = (
			);
			outputPaths = (
				"${TARGET_BUILD_DIR}/${FRAMEWORKS_FOLDER_PATH}/Alamofire.framework",
				"${TARGET_BUILD_DIR}/${FRAMEWORKS_FOLDER_PATH}/AlamofireObjectMapper.framework",
				"${TARGET_BUILD_DIR}/${FRAMEWORKS_FOLDER_PATH}/Kingfisher.framework",
				"${TARGET_BUILD_DIR}/${FRAMEWORKS_FOLDER_PATH}/ObjectMapper.framework",
				"${TARGET_BUILD_DIR}/${FRAMEWORKS_FOLDER_PATH}/Reusable.framework",
				"${TARGET_BUILD_DIR}/${FRAMEWORKS_FOLDER_PATH}/SWXMLHash.framework",
				"${TARGET_BUILD_DIR}/${FRAMEWORKS_FOLDER_PATH}/Then.framework",
				"${TARGET_BUILD_DIR}/${FRAMEWORKS_FOLDER_PATH}/XLPagerTabStrip.framework",
				"${TARGET_BUILD_DIR}/${FRAMEWORKS_FOLDER_PATH}/XMLMapper.framework",
			);
			runOnlyForDeploymentPostprocessing = 0;
			shellPath = /bin/sh;
			shellScript = "\"${PODS_ROOT}/Target Support Files/Pods-BookLover/Pods-BookLover-frameworks.sh\"\n";
			showEnvVarsInLog = 0;
		};
		976C5F362254A24100104CDA /* ShellScript */ = {
			isa = PBXShellScriptBuildPhase;
			buildActionMask = 2147483647;
			files = (
			);
			inputFileListPaths = (
			);
			inputPaths = (
			);
			outputFileListPaths = (
			);
			outputPaths = (
			);
			runOnlyForDeploymentPostprocessing = 0;
			shellPath = /bin/sh;
			shellScript = "${PODS_ROOT}/SwiftLint/swiftlint\n";
		};
/* End PBXShellScriptBuildPhase section */

/* Begin PBXSourcesBuildPhase section */
		976C5F0922549C6100104CDA /* Sources */ = {
			isa = PBXSourcesBuildPhase;
			buildActionMask = 2147483647;
			files = (
				979B715A22682FFF00D29F48 /* ProfileViewController+CollectionViewExtension.swift in Sources */,
				97CD763F225F8AAC005D3102 /* BaseRequest.swift in Sources */,
				97CD76682260F461005D3102 /* BookDetailRequest.swift in Sources */,
				97CD762F225F87EB005D3102 /* APIService.swift in Sources */,
				97CD76592260308C005D3102 /* APIKey.swift in Sources */,
				97CD7620225EF410005D3102 /* Date+Extension.swift in Sources */,
				9790585D225CCCD50077A826 /* GenresListViewController.swift in Sources */,
				976C5F8D225A0FC400104CDA /* WelcomeViewController.swift in Sources */,
				97CD764B225F980A005D3102 /* ErrorResponseJSON.swift in Sources */,
				97CD76722261DE47005D3102 /* SimiliarBookRequest.swift in Sources */,
				976C5F882259DE9400104CDA /* BookDetail.swift in Sources */,
				976C5F93225A1A2800104CDA /* UIColor+Extension.swift in Sources */,
				979AF99B2264891F001E8947 /* BookListCell.swift in Sources */,
				976C5F5F2255B66500104CDA /* HomeViewController.swift in Sources */,
				97CD764D225F98E1005D3102 /* SearchIsbnRequest.swift in Sources */,
				976C5F352254A14500104CDA /* Storyboards.swift in Sources */,
				979AF9AD2265CE53001E8947 /* PageCell.swift in Sources */,
				976C5F612255B67000104CDA /* ExploreViewController.swift in Sources */,
				976C5F6D2256F52F00104CDA /* DetailAuthor.swift in Sources */,
				9790585F225CCD090077A826 /* BooksListViewController.swift in Sources */,
				976C5F99225A44FC00104CDA /* String+Extension.swift in Sources */,
				976C5F7A22572B6B00104CDA /* Configuration.swift in Sources */,
				976C5F6B2256F21000104CDA /* Book.swift in Sources */,
				97CD7637225F8977005D3102 /* ErrorResponse.swift in Sources */,
				97CD76662260C612005D3102 /* ReviewBookViewController.swift in Sources */,
				976C5FB8225BA2E400104CDA /* GenreCell.swift in Sources */,
				97CD7651225F99DF005D3102 /* SearchIsbnResponse.swift in Sources */,
				97CD766C2260F631005D3102 /* BookDetailRepository.swift in Sources */,
				979AF9AA22658076001E8947 /* BookShelfViewController.swift in Sources */,
				976C5FAE225B98D200104CDA /* RatingView.swift in Sources */,
				976C5F8A2259E0F500104CDA /* Author.swift in Sources */,
				97CD7653225F9BBA005D3102 /* BaseResultJSON.swift in Sources */,
				97CD7625225F2E37005D3102 /* ISBNList.swift in Sources */,
				976C5F97225A42D900104CDA /* UIView+Extension.swift in Sources */,
				976C5FB5225B9BB600104CDA /* BookCell.swift in Sources */,
				97CD765522602690005D3102 /* ISBN.swift in Sources */,
				979AF9BD2266E5FA001E8947 /* CategoryCell.swift in Sources */,
				979AF9A4226497CC001E8947 /* ProgressCell.swift in Sources */,
				979AF99D22648F8D001E8947 /* SearchBookByGenreRequest.swift in Sources */,
				97CD764F225F9940005D3102 /* IsbnRepository.swift in Sources */,
				97CD76642260C605005D3102 /* AboutBookViewController.swift in Sources */,
				976C5F862259D93C00104CDA /* Text.swift in Sources */,
				979AF9AF2265D407001E8947 /* SearchAllBooksRequest.swift in Sources */,
				979AF9BF226709DC001E8947 /* EditGernesViewController.swift in Sources */,
				976C5F7E22573EE100104CDA /* BookLover.xcdatamodeld in Sources */,
				97CD7645225F8E53005D3102 /* BookRepository.swift in Sources */,
				976C5F91225A190700104CDA /* WelcomeCell.swift in Sources */,
				979AF9B62266C408001E8947 /* KeyWordCell.swift in Sources */,
				976C5F5D2255B64200104CDA /* ProfileViewController.swift in Sources */,
				976C5F9B225A506500104CDA /* UIViewController+Extension.swift in Sources */,
				97CD766A2260F473005D3102 /* BookDetailResponse.swift in Sources */,
				97CD763B225F8A43005D3102 /* CustomRequestAdapter.swift in Sources */,
				97CD7647225F8F04005D3102 /* SearchBookResponse.swift in Sources */,
				97CD7639225F89D2005D3102 /* BaseResult.swift in Sources */,
				97565292225D843900748B5A /* BookDetailViewController.swift in Sources */,
				976C5FA5225B34F400104CDA /* (null) in Sources */,
				97565297225DB5F600748B5A /* TabBarController.swift in Sources */,
				97CD76762261DF19005D3102 /* SimiliarBookRepository.swift in Sources */,
				976C5F1122549C6100104CDA /* AppDelegate.swift in Sources */,
				979AF9C122670A07001E8947 /* BookShelfCategoryViewController.swift in Sources */,
				97CD765722602C32005D3102 /* UIFont+Extension.swift in Sources */,
				97CD765B22604B7C005D3102 /* GenreDisplayCell.swift in Sources */,
				976C5F692255C36700104CDA /* Constants.swift in Sources */,
				97CD7635225F88B2005D3102 /* BaseError.swift in Sources */,
				97CD7649225F8F0F005D3102 /* SearchBookRequest.swift in Sources */,
			);
			runOnlyForDeploymentPostprocessing = 0;
		};
/* End PBXSourcesBuildPhase section */

/* Begin PBXVariantGroup section */
		976C5F1422549C6100104CDA /* Main.storyboard */ = {
			isa = PBXVariantGroup;
			children = (
				976C5F1522549C6100104CDA /* Base */,
			);
			name = Main.storyboard;
			sourceTree = "<group>";
		};
		976C5F1C22549C6200104CDA /* LaunchScreen.storyboard */ = {
			isa = PBXVariantGroup;
			children = (
				976C5F1D22549C6200104CDA /* Base */,
			);
			name = LaunchScreen.storyboard;
			sourceTree = "<group>";
		};
/* End PBXVariantGroup section */

/* Begin XCBuildConfiguration section */
		976C5F2022549C6300104CDA /* Debug */ = {
			isa = XCBuildConfiguration;
			buildSettings = {
				ALWAYS_SEARCH_USER_PATHS = NO;
				CLANG_ANALYZER_NONNULL = YES;
				CLANG_ANALYZER_NUMBER_OBJECT_CONVERSION = YES_AGGRESSIVE;
				CLANG_CXX_LANGUAGE_STANDARD = "gnu++14";
				CLANG_CXX_LIBRARY = "libc++";
				CLANG_ENABLE_MODULES = YES;
				CLANG_ENABLE_OBJC_ARC = YES;
				CLANG_ENABLE_OBJC_WEAK = YES;
				CLANG_WARN_BLOCK_CAPTURE_AUTORELEASING = YES;
				CLANG_WARN_BOOL_CONVERSION = YES;
				CLANG_WARN_COMMA = YES;
				CLANG_WARN_CONSTANT_CONVERSION = YES;
				CLANG_WARN_DEPRECATED_OBJC_IMPLEMENTATIONS = YES;
				CLANG_WARN_DIRECT_OBJC_ISA_USAGE = YES_ERROR;
				CLANG_WARN_DOCUMENTATION_COMMENTS = YES;
				CLANG_WARN_EMPTY_BODY = YES;
				CLANG_WARN_ENUM_CONVERSION = YES;
				CLANG_WARN_INFINITE_RECURSION = YES;
				CLANG_WARN_INT_CONVERSION = YES;
				CLANG_WARN_NON_LITERAL_NULL_CONVERSION = YES;
				CLANG_WARN_OBJC_IMPLICIT_RETAIN_SELF = YES;
				CLANG_WARN_OBJC_LITERAL_CONVERSION = YES;
				CLANG_WARN_OBJC_ROOT_CLASS = YES_ERROR;
				CLANG_WARN_RANGE_LOOP_ANALYSIS = YES;
				CLANG_WARN_STRICT_PROTOTYPES = YES;
				CLANG_WARN_SUSPICIOUS_MOVE = YES;
				CLANG_WARN_UNGUARDED_AVAILABILITY = YES_AGGRESSIVE;
				CLANG_WARN_UNREACHABLE_CODE = YES;
				CLANG_WARN__DUPLICATE_METHOD_MATCH = YES;
				CODE_SIGN_IDENTITY = "iPhone Developer";
				COPY_PHASE_STRIP = NO;
				DEBUG_INFORMATION_FORMAT = dwarf;
				ENABLE_STRICT_OBJC_MSGSEND = YES;
				ENABLE_TESTABILITY = YES;
				GCC_C_LANGUAGE_STANDARD = gnu11;
				GCC_DYNAMIC_NO_PIC = NO;
				GCC_NO_COMMON_BLOCKS = YES;
				GCC_OPTIMIZATION_LEVEL = 0;
				GCC_PREPROCESSOR_DEFINITIONS = (
					"DEBUG=1",
					"$(inherited)",
				);
				GCC_WARN_64_TO_32_BIT_CONVERSION = YES;
				GCC_WARN_ABOUT_RETURN_TYPE = YES_ERROR;
				GCC_WARN_UNDECLARED_SELECTOR = YES;
				GCC_WARN_UNINITIALIZED_AUTOS = YES_AGGRESSIVE;
				GCC_WARN_UNUSED_FUNCTION = YES;
				GCC_WARN_UNUSED_VARIABLE = YES;
				IPHONEOS_DEPLOYMENT_TARGET = 12.1;
				MTL_ENABLE_DEBUG_INFO = INCLUDE_SOURCE;
				MTL_FAST_MATH = YES;
				ONLY_ACTIVE_ARCH = YES;
				SDKROOT = iphoneos;
				SWIFT_ACTIVE_COMPILATION_CONDITIONS = DEBUG;
				SWIFT_OPTIMIZATION_LEVEL = "-Onone";
			};
			name = Debug;
		};
		976C5F2122549C6300104CDA /* Release */ = {
			isa = XCBuildConfiguration;
			buildSettings = {
				ALWAYS_SEARCH_USER_PATHS = NO;
				CLANG_ANALYZER_NONNULL = YES;
				CLANG_ANALYZER_NUMBER_OBJECT_CONVERSION = YES_AGGRESSIVE;
				CLANG_CXX_LANGUAGE_STANDARD = "gnu++14";
				CLANG_CXX_LIBRARY = "libc++";
				CLANG_ENABLE_MODULES = YES;
				CLANG_ENABLE_OBJC_ARC = YES;
				CLANG_ENABLE_OBJC_WEAK = YES;
				CLANG_WARN_BLOCK_CAPTURE_AUTORELEASING = YES;
				CLANG_WARN_BOOL_CONVERSION = YES;
				CLANG_WARN_COMMA = YES;
				CLANG_WARN_CONSTANT_CONVERSION = YES;
				CLANG_WARN_DEPRECATED_OBJC_IMPLEMENTATIONS = YES;
				CLANG_WARN_DIRECT_OBJC_ISA_USAGE = YES_ERROR;
				CLANG_WARN_DOCUMENTATION_COMMENTS = YES;
				CLANG_WARN_EMPTY_BODY = YES;
				CLANG_WARN_ENUM_CONVERSION = YES;
				CLANG_WARN_INFINITE_RECURSION = YES;
				CLANG_WARN_INT_CONVERSION = YES;
				CLANG_WARN_NON_LITERAL_NULL_CONVERSION = YES;
				CLANG_WARN_OBJC_IMPLICIT_RETAIN_SELF = YES;
				CLANG_WARN_OBJC_LITERAL_CONVERSION = YES;
				CLANG_WARN_OBJC_ROOT_CLASS = YES_ERROR;
				CLANG_WARN_RANGE_LOOP_ANALYSIS = YES;
				CLANG_WARN_STRICT_PROTOTYPES = YES;
				CLANG_WARN_SUSPICIOUS_MOVE = YES;
				CLANG_WARN_UNGUARDED_AVAILABILITY = YES_AGGRESSIVE;
				CLANG_WARN_UNREACHABLE_CODE = YES;
				CLANG_WARN__DUPLICATE_METHOD_MATCH = YES;
				CODE_SIGN_IDENTITY = "iPhone Developer";
				COPY_PHASE_STRIP = NO;
				DEBUG_INFORMATION_FORMAT = "dwarf-with-dsym";
				ENABLE_NS_ASSERTIONS = NO;
				ENABLE_STRICT_OBJC_MSGSEND = YES;
				GCC_C_LANGUAGE_STANDARD = gnu11;
				GCC_NO_COMMON_BLOCKS = YES;
				GCC_WARN_64_TO_32_BIT_CONVERSION = YES;
				GCC_WARN_ABOUT_RETURN_TYPE = YES_ERROR;
				GCC_WARN_UNDECLARED_SELECTOR = YES;
				GCC_WARN_UNINITIALIZED_AUTOS = YES_AGGRESSIVE;
				GCC_WARN_UNUSED_FUNCTION = YES;
				GCC_WARN_UNUSED_VARIABLE = YES;
				IPHONEOS_DEPLOYMENT_TARGET = 12.1;
				MTL_ENABLE_DEBUG_INFO = NO;
				MTL_FAST_MATH = YES;
				SDKROOT = iphoneos;
				SWIFT_COMPILATION_MODE = wholemodule;
				SWIFT_OPTIMIZATION_LEVEL = "-O";
				VALIDATE_PRODUCT = YES;
			};
			name = Release;
		};
		976C5F2322549C6300104CDA /* Debug */ = {
			isa = XCBuildConfiguration;
			baseConfigurationReference = 0C5ED8F04C03E1A1BE141637 /* Pods-BookLover.debug.xcconfig */;
			buildSettings = {
				ASSETCATALOG_COMPILER_APPICON_NAME = AppIcon;
				CODE_SIGN_IDENTITY = "iPhone Developer";
				CODE_SIGN_STYLE = Automatic;
				DEVELOPMENT_TEAM = None;
				INFOPLIST_FILE = "ios-i-book-lover/Info.plist";
				LD_RUNPATH_SEARCH_PATHS = (
					"$(inherited)",
					"@executable_path/Frameworks",
				);
				PRODUCT_BUNDLE_IDENTIFIER = "khanh.ios-i-book-lover";
				PRODUCT_NAME = "$(TARGET_NAME)";
				PROVISIONING_PROFILE_SPECIFIER = "";
				SWIFT_VERSION = 4.2;
				TARGETED_DEVICE_FAMILY = "1,2";
			};
			name = Debug;
		};
		976C5F2422549C6300104CDA /* Release */ = {
			isa = XCBuildConfiguration;
			baseConfigurationReference = 09BA817D9B4C73973B3915D2 /* Pods-BookLover.release.xcconfig */;
			buildSettings = {
				ASSETCATALOG_COMPILER_APPICON_NAME = AppIcon;
				CODE_SIGN_IDENTITY = "iPhone Developer";
				CODE_SIGN_STYLE = Automatic;
				DEVELOPMENT_TEAM = None;
				INFOPLIST_FILE = "ios-i-book-lover/Info.plist";
				LD_RUNPATH_SEARCH_PATHS = (
					"$(inherited)",
					"@executable_path/Frameworks",
				);
				PRODUCT_BUNDLE_IDENTIFIER = "khanh.ios-i-book-lover";
				PRODUCT_NAME = "$(TARGET_NAME)";
				PROVISIONING_PROFILE_SPECIFIER = "";
				SWIFT_VERSION = 4.2;
				TARGETED_DEVICE_FAMILY = "1,2";
			};
			name = Release;
		};
/* End XCBuildConfiguration section */

/* Begin XCConfigurationList section */
		976C5F0822549C6100104CDA /* Build configuration list for PBXProject "BookLover" */ = {
			isa = XCConfigurationList;
			buildConfigurations = (
				976C5F2022549C6300104CDA /* Debug */,
				976C5F2122549C6300104CDA /* Release */,
			);
			defaultConfigurationIsVisible = 0;
			defaultConfigurationName = Release;
		};
		976C5F2222549C6300104CDA /* Build configuration list for PBXNativeTarget "BookLover" */ = {
			isa = XCConfigurationList;
			buildConfigurations = (
				976C5F2322549C6300104CDA /* Debug */,
				976C5F2422549C6300104CDA /* Release */,
			);
			defaultConfigurationIsVisible = 0;
			defaultConfigurationName = Release;
		};
/* End XCConfigurationList section */

/* Begin XCVersionGroup section */
		976C5F7C22573EE100104CDA /* BookLover.xcdatamodeld */ = {
			isa = XCVersionGroup;
			children = (
				976C5F7D22573EE100104CDA /* BookLover.xcdatamodel */,
			);
			currentVersion = 976C5F7D22573EE100104CDA /* BookLover.xcdatamodel */;
			path = BookLover.xcdatamodeld;
			sourceTree = "<group>";
			versionGroupType = wrapper.xcdatamodel;
		};
/* End XCVersionGroup section */
	};
	rootObject = 976C5F0522549C6100104CDA /* Project object */;
}
